<Solution>
    <Configurations>
        <BuildType Name="Debug.Autodesk.2022" />
        <BuildType Name="Debug.Autodesk.2023" />
        <BuildType Name="Debug.Autodesk.2024" />
        <BuildType Name="Debug.Autodesk.2025" />
        <BuildType Name="Debug.Autodesk.2026" />
        <BuildType Name="Debug.Autodesk.2027" />
        <BuildType Name="Release.Autodesk.2022" />
        <BuildType Name="Release.Autodesk.2023" />
        <BuildType Name="Release.Autodesk.2024" />
        <BuildType Name="Release.Autodesk.2025" />
        <BuildType Name="Release.Autodesk.2026" />
        <BuildType Name="Release.Autodesk.2027" />
    </Configurations>
    <Folder Name="/Automation/">
        <Project Path="build/Build.csproj">
            <BuildType Solution="Debug.Autodesk.2022|*" Project="Debug" />
            <BuildType Solution="Debug.Autodesk.2023|*" Project="Debug" />
            <BuildType Solution="Debug.Autodesk.2024|*" Project="Debug" />
            <BuildType Solution="Debug.Autodesk.2025|*" Project="Debug" />
            <BuildType Solution="Debug.Autodesk.2026|*" Project="Debug" />
            <BuildType Solution="Debug.Autodesk.2027|*" Project="Debug" />
            <BuildType Solution="Release.Autodesk.2022|*" Project="Release" />
            <BuildType Solution="Release.Autodesk.2023|*" Project="Release" />
            <BuildType Solution="Release.Autodesk.2024|*" Project="Release" />
            <BuildType Solution="Release.Autodesk.2025|*" Project="Release" />
            <BuildType Solution="Release.Autodesk.2026|*" Project="Release" />
            <BuildType Solution="Release.Autodesk.2027|*" Project="Release" />
            <Build Project="false" />
        </Project>
        <Project Path="install/Installer.csproj">
            <BuildType Solution="Debug.Autodesk.2022|*" Project="Debug" />
            <BuildType Solution="Debug.Autodesk.2023|*" Project="Debug" />
            <BuildType Solution="Debug.Autodesk.2024|*" Project="Debug" />
            <BuildType Solution="Debug.Autodesk.2025|*" Project="Debug" />
            <BuildType Solution="Debug.Autodesk.2026|*" Project="Debug" />
            <BuildType Solution="Debug.Autodesk.2027|*" Project="Debug" />
            <BuildType Solution="Release.Autodesk.2022|*" Project="Release" />
            <BuildType Solution="Release.Autodesk.2023|*" Project="Release" />
            <BuildType Solution="Release.Autodesk.2024|*" Project="Release" />
            <BuildType Solution="Release.Autodesk.2025|*" Project="Release" />
            <BuildType Solution="Release.Autodesk.2026|*" Project="Release" />
            <BuildType Solution="Release.Autodesk.2027|*" Project="Release" />
            <Build Project="false" />
        </Project>
    </Folder>
    <Folder Name="/Shared/">
        <Project Path="source/DevTools.Ipc/DevTools.Ipc.csproj">
            <BuildType Solution="Debug.Autodesk.2022|*" Project="Debug" />
            <BuildType Solution="Debug.Autodesk.2023|*" Project="Debug" />
            <BuildType Solution="Debug.Autodesk.2024|*" Project="Debug" />
            <BuildType Solution="Debug.Autodesk.2025|*" Project="Debug" />
            <BuildType Solution="Debug.Autodesk.2026|*" Project="Debug" />
            <BuildType Solution="Debug.Autodesk.2027|*" Project="Debug" />
            <BuildType Solution="Release.Autodesk.2022|*" Project="Release" />
            <BuildType Solution="Release.Autodesk.2023|*" Project="Release" />
            <BuildType Solution="Release.Autodesk.2024|*" Project="Release" />
            <BuildType Solution="Release.Autodesk.2025|*" Project="Release" />
            <BuildType Solution="Release.Autodesk.2026|*" Project="Release" />
            <BuildType Solution="Release.Autodesk.2027|*" Project="Release" />
        </Project>
        <Project Path="source/DevTools.AssemblyIsolation/DevTools.AssemblyIsolation.csproj">
            <BuildType Solution="Debug.Autodesk.2022|*" Project="Debug" />
            <BuildType Solution="Debug.Autodesk.2023|*" Project="Debug" />
            <BuildType Solution="Debug.Autodesk.2024|*" Project="Debug" />
            <BuildType Solution="Debug.Autodesk.2025|*" Project="Debug" />
            <BuildType Solution="Debug.Autodesk.2026|*" Project="Debug" />
            <BuildType Solution="Debug.Autodesk.2027|*" Project="Debug" />
            <BuildType Solution="Release.Autodesk.2022|*" Project="Release" />
            <BuildType Solution="Release.Autodesk.2023|*" Project="Release" />
            <BuildType Solution="Release.Autodesk.2024|*" Project="Release" />
            <BuildType Solution="Release.Autodesk.2025|*" Project="Release" />
            <BuildType Solution="Release.Autodesk.2026|*" Project="Release" />
            <BuildType Solution="Release.Autodesk.2027|*" Project="Release" />
        </Project>
        <Project Path="source/DevTools.Logging/DevTools.Logging.csproj">
            <BuildType Solution="Debug.Autodesk.2022|*" Project="Debug" />
            <BuildType Solution="Debug.Autodesk.2023|*" Project="Debug" />
            <BuildType Solution="Debug.Autodesk.2024|*" Project="Debug" />
            <BuildType Solution="Debug.Autodesk.2025|*" Project="Debug" />
            <BuildType Solution="Debug.Autodesk.2026|*" Project="Debug" />
            <BuildType Solution="Debug.Autodesk.2027|*" Project="Debug" />
            <BuildType Solution="Release.Autodesk.2022|*" Project="Release" />
            <BuildType Solution="Release.Autodesk.2023|*" Project="Release" />
            <BuildType Solution="Release.Autodesk.2024|*" Project="Release" />
            <BuildType Solution="Release.Autodesk.2025|*" Project="Release" />
            <BuildType Solution="Release.Autodesk.2026|*" Project="Release" />
            <BuildType Solution="Release.Autodesk.2027|*" Project="Release" />
        </Project>
        <Project Path="source/DevTools.Hosting/DevTools.Hosting.csproj">
            <BuildType Solution="Debug.Autodesk.2022|*" Project="Debug" />
            <BuildType Solution="Debug.Autodesk.2023|*" Project="Debug" />
            <BuildType Solution="Debug.Autodesk.2024|*" Project="Debug" />
            <BuildType Solution="Debug.Autodesk.2025|*" Project="Debug" />
            <BuildType Solution="Debug.Autodesk.2026|*" Project="Debug" />
            <BuildType Solution="Debug.Autodesk.2027|*" Project="Debug" />
            <BuildType Solution="Release.Autodesk.2022|*" Project="Release" />
            <BuildType Solution="Release.Autodesk.2023|*" Project="Release" />
            <BuildType Solution="Release.Autodesk.2024|*" Project="Release" />
            <BuildType Solution="Release.Autodesk.2025|*" Project="Release" />
            <BuildType Solution="Release.Autodesk.2026|*" Project="Release" />
            <BuildType Solution="Release.Autodesk.2027|*" Project="Release" />
        </Project>
        <Project Path="source/DevTools.Hosting.Revit/DevTools.Hosting.Revit.csproj">
            <BuildType Solution="Debug.Autodesk.2022|*" Project="Debug" />
            <BuildType Solution="Debug.Autodesk.2023|*" Project="Debug" />
            <BuildType Solution="Debug.Autodesk.2024|*" Project="Debug" />
            <BuildType Solution="Debug.Autodesk.2025|*" Project="Debug" />
            <BuildType Solution="Debug.Autodesk.2026|*" Project="Debug" />
            <BuildType Solution="Debug.Autodesk.2027|*" Project="Debug" />
            <BuildType Solution="Release.Autodesk.2022|*" Project="Release" />
            <BuildType Solution="Release.Autodesk.2023|*" Project="Release" />
            <BuildType Solution="Release.Autodesk.2024|*" Project="Release" />
            <BuildType Solution="Release.Autodesk.2025|*" Project="Release" />
            <BuildType Solution="Release.Autodesk.2026|*" Project="Release" />
            <BuildType Solution="Release.Autodesk.2027|*" Project="Release" />
        </Project>
        <Project Path="source/DevTools.Hosting.Acad/DevTools.Hosting.Acad.csproj">
            <BuildType Solution="Debug.Autodesk.2022|*" Project="Debug" />
            <BuildType Solution="Debug.Autodesk.2023|*" Project="Debug" />
            <BuildType Solution="Debug.Autodesk.2024|*" Project="Debug" />
            <BuildType Solution="Debug.Autodesk.2025|*" Project="Debug" />
            <BuildType Solution="Debug.Autodesk.2026|*" Project="Debug" />
            <BuildType Solution="Debug.Autodesk.2027|*" Project="Debug" />
            <BuildType Solution="Release.Autodesk.2022|*" Project="Release" />
            <BuildType Solution="Release.Autodesk.2023|*" Project="Release" />
            <BuildType Solution="Release.Autodesk.2024|*" Project="Release" />
            <BuildType Solution="Release.Autodesk.2025|*" Project="Release" />
            <BuildType Solution="Release.Autodesk.2026|*" Project="Release" />
            <BuildType Solution="Release.Autodesk.2027|*" Project="Release" />
        </Project>
        <Project Path="source/DevTools.UI/DevTools.UI.csproj">
            <BuildType Solution="Debug.Autodesk.2022|*" Project="Debug" />
            <BuildType Solution="Debug.Autodesk.2023|*" Project="Debug" />
            <BuildType Solution="Debug.Autodesk.2024|*" Project="Debug" />
            <BuildType Solution="Debug.Autodesk.2025|*" Project="Debug" />
            <BuildType Solution="Debug.Autodesk.2026|*" Project="Debug" />
            <BuildType Solution="Debug.Autodesk.2027|*" Project="Debug" />
            <BuildType Solution="Release.Autodesk.2022|*" Project="Release" />
            <BuildType Solution="Release.Autodesk.2023|*" Project="Release" />
            <BuildType Solution="Release.Autodesk.2024|*" Project="Release" />
            <BuildType Solution="Release.Autodesk.2025|*" Project="Release" />
            <BuildType Solution="Release.Autodesk.2026|*" Project="Release" />
            <BuildType Solution="Release.Autodesk.2027|*" Project="Release" />
        </Project>
        <Project Path="source/DevTools.Settings/DevTools.Settings.csproj">
            <BuildType Solution="Debug.Autodesk.2022|*" Project="Debug" />
            <BuildType Solution="Debug.Autodesk.2023|*" Project="Debug" />
            <BuildType Solution="Debug.Autodesk.2024|*" Project="Debug" />
            <BuildType Solution="Debug.Autodesk.2025|*" Project="Debug" />
            <BuildType Solution="Debug.Autodesk.2026|*" Project="Debug" />
            <BuildType Solution="Debug.Autodesk.2027|*" Project="Debug" />
            <BuildType Solution="Release.Autodesk.2022|*" Project="Release" />
            <BuildType Solution="Release.Autodesk.2023|*" Project="Release" />
            <BuildType Solution="Release.Autodesk.2024|*" Project="Release" />
            <BuildType Solution="Release.Autodesk.2025|*" Project="Release" />
            <BuildType Solution="Release.Autodesk.2026|*" Project="Release" />
            <BuildType Solution="Release.Autodesk.2027|*" Project="Release" />
        </Project>
        <Project Path="source/DevTools.Presentation/DevTools.Presentation.csproj">
            <BuildType Solution="Debug.Autodesk.2022|*" Project="Debug" />
            <BuildType Solution="Debug.Autodesk.2023|*" Project="Debug" />
            <BuildType Solution="Debug.Autodesk.2024|*" Project="Debug" />
            <BuildType Solution="Debug.Autodesk.2025|*" Project="Debug" />
            <BuildType Solution="Debug.Autodesk.2026|*" Project="Debug" />
            <BuildType Solution="Debug.Autodesk.2027|*" Project="Debug" />
            <BuildType Solution="Release.Autodesk.2022|*" Project="Release" />
            <BuildType Solution="Release.Autodesk.2023|*" Project="Release" />
            <BuildType Solution="Release.Autodesk.2024|*" Project="Release" />
            <BuildType Solution="Release.Autodesk.2025|*" Project="Release" />
            <BuildType Solution="Release.Autodesk.2026|*" Project="Release" />
            <BuildType Solution="Release.Autodesk.2027|*" Project="Release" />
        </Project>
        <Project Path="source/DevTools.Utilities/DevTools.Utilities.csproj">
            <BuildType Solution="Debug.Autodesk.2022|*" Project="Debug" />
            <BuildType Solution="Debug.Autodesk.2023|*" Project="Debug" />
            <BuildType Solution="Debug.Autodesk.2024|*" Project="Debug" />
            <BuildType Solution="Debug.Autodesk.2025|*" Project="Debug" />
            <BuildType Solution="Debug.Autodesk.2026|*" Project="Debug" />
            <BuildType Solution="Debug.Autodesk.2027|*" Project="Debug" />
            <BuildType Solution="Release.Autodesk.2022|*" Project="Release" />
            <BuildType Solution="Release.Autodesk.2023|*" Project="Release" />
            <BuildType Solution="Release.Autodesk.2024|*" Project="Release" />
            <BuildType Solution="Release.Autodesk.2025|*" Project="Release" />
            <BuildType Solution="Release.Autodesk.2026|*" Project="Release" />
            <BuildType Solution="Release.Autodesk.2027|*" Project="Release" />
        </Project>
        <Project Path="source/DevTools.Execution.Abstractions/DevTools.Execution.Abstractions.csproj">
            <BuildType Solution="Debug.Autodesk.2022|*" Project="Debug" />
            <BuildType Solution="Debug.Autodesk.2023|*" Project="Debug" />
            <BuildType Solution="Debug.Autodesk.2024|*" Project="Debug" />
            <BuildType Solution="Debug.Autodesk.2025|*" Project="Debug" />
            <BuildType Solution="Debug.Autodesk.2026|*" Project="Debug" />
            <BuildType Solution="Debug.Autodesk.2027|*" Project="Debug" />
            <BuildType Solution="Release.Autodesk.2022|*" Project="Release" />
            <BuildType Solution="Release.Autodesk.2023|*" Project="Release" />
            <BuildType Solution="Release.Autodesk.2024|*" Project="Release" />
            <BuildType Solution="Release.Autodesk.2025|*" Project="Release" />
            <BuildType Solution="Release.Autodesk.2026|*" Project="Release" />
            <BuildType Solution="Release.Autodesk.2027|*" Project="Release" />
        </Project>
        <Project Path="source/DevTools.Execution/DevTools.Execution.csproj">
            <BuildType Solution="Debug.Autodesk.2022|*" Project="Debug" />
            <BuildType Solution="Debug.Autodesk.2023|*" Project="Debug" />
            <BuildType Solution="Debug.Autodesk.2024|*" Project="Debug" />
            <BuildType Solution="Debug.Autodesk.2025|*" Project="Debug" />
            <BuildType Solution="Debug.Autodesk.2026|*" Project="Debug" />
            <BuildType Solution="Debug.Autodesk.2027|*" Project="Debug" />
            <BuildType Solution="Release.Autodesk.2022|*" Project="Release" />
            <BuildType Solution="Release.Autodesk.2023|*" Project="Release" />
            <BuildType Solution="Release.Autodesk.2024|*" Project="Release" />
            <BuildType Solution="Release.Autodesk.2025|*" Project="Release" />
            <BuildType Solution="Release.Autodesk.2026|*" Project="Release" />
            <BuildType Solution="Release.Autodesk.2027|*" Project="Release" />
        </Project>
        <Project Path="source/DevTools.Telemetry/DevTools.Telemetry.csproj">
            <BuildType Solution="Debug.Autodesk.2022|*" Project="Debug" />
            <BuildType Solution="Debug.Autodesk.2023|*" Project="Debug" />
            <BuildType Solution="Debug.Autodesk.2024|*" Project="Debug" />
            <BuildType Solution="Debug.Autodesk.2025|*" Project="Debug" />
            <BuildType Solution="Debug.Autodesk.2026|*" Project="Debug" />
            <BuildType Solution="Debug.Autodesk.2027|*" Project="Debug" />
            <BuildType Solution="Release.Autodesk.2022|*" Project="Release" />
            <BuildType Solution="Release.Autodesk.2023|*" Project="Release" />
            <BuildType Solution="Release.Autodesk.2024|*" Project="Release" />
            <BuildType Solution="Release.Autodesk.2025|*" Project="Release" />
            <BuildType Solution="Release.Autodesk.2026|*" Project="Release" />
            <BuildType Solution="Release.Autodesk.2027|*" Project="Release" />
        </Project>
    </Folder>
    <Folder Name="/Shared/MCP/">
        <Project Path="source/DevTools.Mcp.Acad/DevTools.Mcp.Acad.csproj" />
        <Project Path="source/DevTools.Mcp.Revit/DevTools.Mcp.Revit.csproj" />
        <Project Path="source/DevTools.Daemon/DevTools.Daemon.csproj">
            <BuildType Solution="Debug.Autodesk.2022|*" Project="Debug" />
            <BuildType Solution="Debug.Autodesk.2023|*" Project="Debug" />
            <BuildType Solution="Debug.Autodesk.2024|*" Project="Debug" />
            <BuildType Solution="Debug.Autodesk.2025|*" Project="Debug" />
            <BuildType Solution="Debug.Autodesk.2026|*" Project="Debug" />
            <BuildType Solution="Debug.Autodesk.2027|*" Project="Debug" />
            <BuildType Solution="Release.Autodesk.2022|*" Project="Release" />
            <BuildType Solution="Release.Autodesk.2023|*" Project="Release" />
            <BuildType Solution="Release.Autodesk.2024|*" Project="Release" />
            <BuildType Solution="Release.Autodesk.2025|*" Project="Release" />
            <BuildType Solution="Release.Autodesk.2026|*" Project="Release" />
            <BuildType Solution="Release.Autodesk.2027|*" Project="Release" />
            <Build Project="false" />
        </Project>
        <Project Path="source/DevTools.FileMetadata.Acad/DevTools.FileMetadata.Acad.csproj">
            <BuildType Solution="Debug.Autodesk.2022|*" Project="Debug" />
            <BuildType Solution="Debug.Autodesk.2023|*" Project="Debug" />
            <BuildType Solution="Debug.Autodesk.2024|*" Project="Debug" />
            <BuildType Solution="Debug.Autodesk.2025|*" Project="Debug" />
            <BuildType Solution="Debug.Autodesk.2026|*" Project="Debug" />
            <BuildType Solution="Debug.Autodesk.2027|*" Project="Debug" />
            <BuildType Solution="Release.Autodesk.2022|*" Project="Release" />
            <BuildType Solution="Release.Autodesk.2023|*" Project="Release" />
            <BuildType Solution="Release.Autodesk.2024|*" Project="Release" />
            <BuildType Solution="Release.Autodesk.2025|*" Project="Release" />
            <BuildType Solution="Release.Autodesk.2026|*" Project="Release" />
            <BuildType Solution="Release.Autodesk.2027|*" Project="Release" />
        </Project>
        <Project Path="source/DevTools.FileMetadata.Core/DevTools.FileMetadata.Core.csproj">
            <BuildType Solution="Debug.Autodesk.2022|*" Project="Debug" />
            <BuildType Solution="Debug.Autodesk.2023|*" Project="Debug" />
            <BuildType Solution="Debug.Autodesk.2024|*" Project="Debug" />
            <BuildType Solution="Debug.Autodesk.2025|*" Project="Debug" />
            <BuildType Solution="Debug.Autodesk.2026|*" Project="Debug" />
            <BuildType Solution="Debug.Autodesk.2027|*" Project="Debug" />
            <BuildType Solution="Release.Autodesk.2022|*" Project="Release" />
            <BuildType Solution="Release.Autodesk.2023|*" Project="Release" />
            <BuildType Solution="Release.Autodesk.2024|*" Project="Release" />
            <BuildType Solution="Release.Autodesk.2025|*" Project="Release" />
            <BuildType Solution="Release.Autodesk.2026|*" Project="Release" />
            <BuildType Solution="Release.Autodesk.2027|*" Project="Release" />
        </Project>
        <Project Path="source/DevTools.FileMetadata.Revit/DevTools.FileMetadata.Revit.csproj">
            <BuildType Solution="Debug.Autodesk.2022|*" Project="Debug" />
            <BuildType Solution="Debug.Autodesk.2023|*" Project="Debug" />
            <BuildType Solution="Debug.Autodesk.2024|*" Project="Debug" />
            <BuildType Solution="Debug.Autodesk.2025|*" Project="Debug" />
            <BuildType Solution="Debug.Autodesk.2026|*" Project="Debug" />
            <BuildType Solution="Debug.Autodesk.2027|*" Project="Debug" />
            <BuildType Solution="Release.Autodesk.2022|*" Project="Release" />
            <BuildType Solution="Release.Autodesk.2023|*" Project="Release" />
            <BuildType Solution="Release.Autodesk.2024|*" Project="Release" />
            <BuildType Solution="Release.Autodesk.2025|*" Project="Release" />
            <BuildType Solution="Release.Autodesk.2026|*" Project="Release" />
            <BuildType Solution="Release.Autodesk.2027|*" Project="Release" />
        </Project>
        <Project Path="source/DevTools.Mcp.Adapter/DevTools.Mcp.Adapter.csproj">
            <BuildType Solution="Debug.Autodesk.2022|*" Project="Debug" />
            <BuildType Solution="Debug.Autodesk.2023|*" Project="Debug" />
            <BuildType Solution="Debug.Autodesk.2024|*" Project="Debug" />
            <BuildType Solution="Debug.Autodesk.2025|*" Project="Debug" />
            <BuildType Solution="Debug.Autodesk.2026|*" Project="Debug" />
            <BuildType Solution="Debug.Autodesk.2027|*" Project="Debug" />
            <BuildType Solution="Release.Autodesk.2022|*" Project="Release" />
            <BuildType Solution="Release.Autodesk.2023|*" Project="Release" />
            <BuildType Solution="Release.Autodesk.2024|*" Project="Release" />
            <BuildType Solution="Release.Autodesk.2025|*" Project="Release" />
            <BuildType Solution="Release.Autodesk.2026|*" Project="Release" />
            <BuildType Solution="Release.Autodesk.2027|*" Project="Release" />
        </Project>
        <Project Path="source/DevTools.Mcp.Catalog/DevTools.Mcp.Catalog.csproj">
            <BuildType Solution="Debug.Autodesk.2022|*" Project="Debug" />
            <BuildType Solution="Debug.Autodesk.2023|*" Project="Debug" />
            <BuildType Solution="Debug.Autodesk.2024|*" Project="Debug" />
            <BuildType Solution="Debug.Autodesk.2025|*" Project="Debug" />
            <BuildType Solution="Debug.Autodesk.2026|*" Project="Debug" />
            <BuildType Solution="Debug.Autodesk.2027|*" Project="Debug" />
            <BuildType Solution="Release.Autodesk.2022|*" Project="Release" />
            <BuildType Solution="Release.Autodesk.2023|*" Project="Release" />
            <BuildType Solution="Release.Autodesk.2024|*" Project="Release" />
            <BuildType Solution="Release.Autodesk.2025|*" Project="Release" />
            <BuildType Solution="Release.Autodesk.2026|*" Project="Release" />
            <BuildType Solution="Release.Autodesk.2027|*" Project="Release" />
        </Project>
        <Project Path="source/DevTools.Mcp.Client/DevTools.Mcp.Client.csproj">
            <BuildType Solution="Debug.Autodesk.2022|*" Project="Debug" />
            <BuildType Solution="Debug.Autodesk.2023|*" Project="Debug" />
            <BuildType Solution="Debug.Autodesk.2024|*" Project="Debug" />
            <BuildType Solution="Debug.Autodesk.2025|*" Project="Debug" />
            <BuildType Solution="Debug.Autodesk.2026|*" Project="Debug" />
            <BuildType Solution="Debug.Autodesk.2027|*" Project="Debug" />
            <BuildType Solution="Release.Autodesk.2022|*" Project="Release" />
            <BuildType Solution="Release.Autodesk.2023|*" Project="Release" />
            <BuildType Solution="Release.Autodesk.2024|*" Project="Release" />
            <BuildType Solution="Release.Autodesk.2025|*" Project="Release" />
            <BuildType Solution="Release.Autodesk.2026|*" Project="Release" />
            <BuildType Solution="Release.Autodesk.2027|*" Project="Release" />
        </Project>
        <Project Path="source/DevTools.Mcp.Core/DevTools.Mcp.Core.csproj">
            <BuildType Solution="Debug.Autodesk.2022|*" Project="Debug" />
            <BuildType Solution="Debug.Autodesk.2023|*" Project="Debug" />
            <BuildType Solution="Debug.Autodesk.2024|*" Project="Debug" />
            <BuildType Solution="Debug.Autodesk.2025|*" Project="Debug" />
            <BuildType Solution="Debug.Autodesk.2026|*" Project="Debug" />
            <BuildType Solution="Debug.Autodesk.2027|*" Project="Debug" />
            <BuildType Solution="Release.Autodesk.2022|*" Project="Release" />
            <BuildType Solution="Release.Autodesk.2023|*" Project="Release" />
            <BuildType Solution="Release.Autodesk.2024|*" Project="Release" />
            <BuildType Solution="Release.Autodesk.2025|*" Project="Release" />
            <BuildType Solution="Release.Autodesk.2026|*" Project="Release" />
            <BuildType Solution="Release.Autodesk.2027|*" Project="Release" />
        </Project>
        <Project Path="source/DevTools.Mcp.Server/DevTools.Mcp.Server.csproj">
            <BuildType Solution="Debug.Autodesk.2022|*" Project="Debug" />
            <BuildType Solution="Debug.Autodesk.2023|*" Project="Debug" />
            <BuildType Solution="Debug.Autodesk.2024|*" Project="Debug" />
            <BuildType Solution="Debug.Autodesk.2025|*" Project="Debug" />
            <BuildType Solution="Debug.Autodesk.2026|*" Project="Debug" />
            <BuildType Solution="Debug.Autodesk.2027|*" Project="Debug" />
            <BuildType Solution="Release.Autodesk.2022|*" Project="Release" />
            <BuildType Solution="Release.Autodesk.2023|*" Project="Release" />
            <BuildType Solution="Release.Autodesk.2024|*" Project="Release" />
            <BuildType Solution="Release.Autodesk.2025|*" Project="Release" />
            <BuildType Solution="Release.Autodesk.2026|*" Project="Release" />
            <BuildType Solution="Release.Autodesk.2027|*" Project="Release" />
        </Project>
    </Folder>
    <Folder Name="/Shared/NUnit/">
        <Project Path="source/DevTools.Testing.Abstractions/DevTools.Testing.Abstractions.csproj">
            <BuildType Solution="Debug.Autodesk.2022|*" Project="Debug" />
            <BuildType Solution="Debug.Autodesk.2023|*" Project="Debug" />
            <BuildType Solution="Debug.Autodesk.2024|*" Project="Debug" />
            <BuildType Solution="Debug.Autodesk.2025|*" Project="Debug" />
            <BuildType Solution="Debug.Autodesk.2026|*" Project="Debug" />
            <BuildType Solution="Debug.Autodesk.2027|*" Project="Debug" />
            <BuildType Solution="Release.Autodesk.2022|*" Project="Release" />
            <BuildType Solution="Release.Autodesk.2023|*" Project="Release" />
            <BuildType Solution="Release.Autodesk.2024|*" Project="Release" />
            <BuildType Solution="Release.Autodesk.2025|*" Project="Release" />
            <BuildType Solution="Release.Autodesk.2026|*" Project="Release" />
            <BuildType Solution="Release.Autodesk.2027|*" Project="Release" />
        </Project>
        <Project Path="source/DevTools.Testing.Transport/DevTools.Testing.Transport.csproj">
            <BuildType Solution="Debug.Autodesk.2022|*" Project="Debug" />
            <BuildType Solution="Debug.Autodesk.2023|*" Project="Debug" />
            <BuildType Solution="Debug.Autodesk.2024|*" Project="Debug" />
            <BuildType Solution="Debug.Autodesk.2025|*" Project="Debug" />
            <BuildType Solution="Debug.Autodesk.2026|*" Project="Debug" />
            <BuildType Solution="Debug.Autodesk.2027|*" Project="Debug" />
            <BuildType Solution="Release.Autodesk.2022|*" Project="Release" />
            <BuildType Solution="Release.Autodesk.2023|*" Project="Release" />
            <BuildType Solution="Release.Autodesk.2024|*" Project="Release" />
            <BuildType Solution="Release.Autodesk.2025|*" Project="Release" />
            <BuildType Solution="Release.Autodesk.2026|*" Project="Release" />
            <BuildType Solution="Release.Autodesk.2027|*" Project="Release" />
        </Project>
        <Project Path="source/DevTools.Testing.Host/DevTools.Testing.Host.csproj">
            <BuildType Solution="Debug.Autodesk.2022|*" Project="Debug" />
            <BuildType Solution="Debug.Autodesk.2023|*" Project="Debug" />
            <BuildType Solution="Debug.Autodesk.2024|*" Project="Debug" />
            <BuildType Solution="Debug.Autodesk.2025|*" Project="Debug" />
            <BuildType Solution="Debug.Autodesk.2026|*" Project="Debug" />
            <BuildType Solution="Debug.Autodesk.2027|*" Project="Debug" />
            <BuildType Solution="Release.Autodesk.2022|*" Project="Release" />
            <BuildType Solution="Release.Autodesk.2023|*" Project="Release" />
            <BuildType Solution="Release.Autodesk.2024|*" Project="Release" />
            <BuildType Solution="Release.Autodesk.2025|*" Project="Release" />
            <BuildType Solution="Release.Autodesk.2026|*" Project="Release" />
            <BuildType Solution="Release.Autodesk.2027|*" Project="Release" />
        </Project>
        <Project Path="source/DevTools.Testing.Mtp/DevTools.Testing.Mtp.csproj">
            <BuildType Solution="Debug.Autodesk.2022|*" Project="Debug" />
            <BuildType Solution="Debug.Autodesk.2023|*" Project="Debug" />
            <BuildType Solution="Debug.Autodesk.2024|*" Project="Debug" />
            <BuildType Solution="Debug.Autodesk.2025|*" Project="Debug" />
            <BuildType Solution="Debug.Autodesk.2026|*" Project="Debug" />
            <BuildType Solution="Debug.Autodesk.2027|*" Project="Debug" />
            <BuildType Solution="Release.Autodesk.2022|*" Project="Release" />
            <BuildType Solution="Release.Autodesk.2023|*" Project="Release" />
            <BuildType Solution="Release.Autodesk.2024|*" Project="Release" />
            <BuildType Solution="Release.Autodesk.2025|*" Project="Release" />
            <BuildType Solution="Release.Autodesk.2026|*" Project="Release" />
            <BuildType Solution="Release.Autodesk.2027|*" Project="Release" />
        </Project>
        <Project Path="source/DevTools.NUnit.Provider/DevTools.NUnit.Provider.csproj">
            <BuildType Solution="Debug.Autodesk.2022|*" Project="Debug" />
            <BuildType Solution="Debug.Autodesk.2023|*" Project="Debug" />
            <BuildType Solution="Debug.Autodesk.2024|*" Project="Debug" />
            <BuildType Solution="Debug.Autodesk.2025|*" Project="Debug" />
            <BuildType Solution="Debug.Autodesk.2026|*" Project="Debug" />
            <BuildType Solution="Debug.Autodesk.2027|*" Project="Debug" />
            <BuildType Solution="Release.Autodesk.2022|*" Project="Release" />
            <BuildType Solution="Release.Autodesk.2023|*" Project="Release" />
            <BuildType Solution="Release.Autodesk.2024|*" Project="Release" />
            <BuildType Solution="Release.Autodesk.2025|*" Project="Release" />
            <BuildType Solution="Release.Autodesk.2026|*" Project="Release" />
            <BuildType Solution="Release.Autodesk.2027|*" Project="Release" />
        </Project>
        <Project Path="source/DevTools.NUnit.Host/DevTools.NUnit.Host.csproj">
            <BuildType Solution="Debug.Autodesk.2022|*" Project="Debug" />
            <BuildType Solution="Debug.Autodesk.2023|*" Project="Debug" />
            <BuildType Solution="Debug.Autodesk.2024|*" Project="Debug" />
            <BuildType Solution="Debug.Autodesk.2025|*" Project="Debug" />
            <BuildType Solution="Debug.Autodesk.2026|*" Project="Debug" />
            <BuildType Solution="Debug.Autodesk.2027|*" Project="Debug" />
            <BuildType Solution="Release.Autodesk.2022|*" Project="Release" />
            <BuildType Solution="Release.Autodesk.2023|*" Project="Release" />
            <BuildType Solution="Release.Autodesk.2024|*" Project="Release" />
            <BuildType Solution="Release.Autodesk.2025|*" Project="Release" />
            <BuildType Solution="Release.Autodesk.2026|*" Project="Release" />
            <BuildType Solution="Release.Autodesk.2027|*" Project="Release" />
        </Project>
        <Project Path="source/DevTools.NUnit.Runtime/DevTools.NUnit.Runtime.csproj">
            <BuildType Solution="Debug.Autodesk.2022|*" Project="Debug" />
            <BuildType Solution="Debug.Autodesk.2023|*" Project="Debug" />
            <BuildType Solution="Debug.Autodesk.2024|*" Project="Debug" />
            <BuildType Solution="Debug.Autodesk.2025|*" Project="Debug" />
            <BuildType Solution="Debug.Autodesk.2026|*" Project="Debug" />
            <BuildType Solution="Debug.Autodesk.2027|*" Project="Debug" />
            <BuildType Solution="Release.Autodesk.2022|*" Project="Release" />
            <BuildType Solution="Release.Autodesk.2023|*" Project="Release" />
            <BuildType Solution="Release.Autodesk.2024|*" Project="Release" />
            <BuildType Solution="Release.Autodesk.2025|*" Project="Release" />
            <BuildType Solution="Release.Autodesk.2026|*" Project="Release" />
            <BuildType Solution="Release.Autodesk.2027|*" Project="Release" />
        </Project>
        <Project Path="source/DevTools.TestRunner.Core/DevTools.TestRunner.Core.csproj" />
        <Project Path="source/DevTools.NUnit.Runner/DevTools.NUnit.Runner.csproj" />
        <Project Path="source/DevTools.TestRunner/DevTools.TestRunner.csproj">
            <BuildType Solution="Debug.Autodesk.2022|*" Project="Debug" />
            <BuildType Solution="Debug.Autodesk.2023|*" Project="Debug" />
            <BuildType Solution="Debug.Autodesk.2024|*" Project="Debug" />
            <BuildType Solution="Debug.Autodesk.2025|*" Project="Debug" />
            <BuildType Solution="Debug.Autodesk.2026|*" Project="Debug" />
            <BuildType Solution="Debug.Autodesk.2027|*" Project="Debug" />
            <BuildType Solution="Release.Autodesk.2022|*" Project="Release" />
            <BuildType Solution="Release.Autodesk.2023|*" Project="Release" />
            <BuildType Solution="Release.Autodesk.2024|*" Project="Release" />
            <BuildType Solution="Release.Autodesk.2025|*" Project="Release" />
            <BuildType Solution="Release.Autodesk.2026|*" Project="Release" />
            <BuildType Solution="Release.Autodesk.2027|*" Project="Release" />
            <Build Project="false" />
        </Project>
        <Project Path="source/DevTools.NUnit.Mtp/DevTools.NUnit.Mtp.csproj">
            <BuildType Solution="Debug.Autodesk.2022|*" Project="Debug" />
            <BuildType Solution="Debug.Autodesk.2023|*" Project="Debug" />
            <BuildType Solution="Debug.Autodesk.2024|*" Project="Debug" />
            <BuildType Solution="Debug.Autodesk.2025|*" Project="Debug" />
            <BuildType Solution="Debug.Autodesk.2026|*" Project="Debug" />
            <BuildType Solution="Debug.Autodesk.2027|*" Project="Debug" />
            <BuildType Solution="Release.Autodesk.2022|*" Project="Release" />
            <BuildType Solution="Release.Autodesk.2023|*" Project="Release" />
            <BuildType Solution="Release.Autodesk.2024|*" Project="Release" />
            <BuildType Solution="Release.Autodesk.2025|*" Project="Release" />
            <BuildType Solution="Release.Autodesk.2026|*" Project="Release" />
            <BuildType Solution="Release.Autodesk.2027|*" Project="Release" />
            <Build Project="false" />
        </Project>
    </Folder>
    <Folder Name="/Solution Items/">
        <File Path=".editorconfig" />
        <File Path=".gitignore" />
        <File Path="build/appsettings.json" />
        <File Path="Changelog.md" />
        <File Path="Directory.Build.props" />
        <File Path="Directory.Build.targets" />
        <File Path="Directory.Packages.props" />
        <File Path="Readme.md" />
    </Folder>
    <Folder Name="/Solution Items/props/">
        <File Path="props/Common.props" />
        <File Path="props/AutoCad.props" />
        <File Path="props/AutoCad.targets" />
        <File Path="props/Revit.props" />
        <File Path="props/Revit.targets" />
        <File Path="props/ILRepack.targets" />
        <File Path="props/PackageContents.xml" />
    </Folder>
    <Folder Name="/Tests/">
        <Project Path="tests/DevTools.AssemblyIsolation.Tests/DevTools.AssemblyIsolation.Tests.csproj" />
        <Project Path="tests/RevitDevTool.ExternalEvent.App/RevitDevTool.ExternalEvent.App.csproj">
            <Build Project="false" />
        </Project>
        <Project Path="Tests/DevTools.Execution.Tests/DevTools.Execution.Tests.csproj">
            <BuildType Solution="Debug.Autodesk.2022|*" Project="Debug" />
            <BuildType Solution="Debug.Autodesk.2023|*" Project="Debug" />
            <BuildType Solution="Debug.Autodesk.2024|*" Project="Debug" />
            <BuildType Solution="Debug.Autodesk.2025|*" Project="Debug" />
            <BuildType Solution="Debug.Autodesk.2026|*" Project="Debug" />
            <BuildType Solution="Debug.Autodesk.2027|*" Project="Debug" />
            <BuildType Solution="Release.Autodesk.2022|*" Project="Release" />
            <BuildType Solution="Release.Autodesk.2023|*" Project="Release" />
            <BuildType Solution="Release.Autodesk.2024|*" Project="Release" />
            <BuildType Solution="Release.Autodesk.2025|*" Project="Release" />
            <BuildType Solution="Release.Autodesk.2026|*" Project="Release" />
            <BuildType Solution="Release.Autodesk.2027|*" Project="Release" />
            <Build Project="false" />
        </Project>
        <Project Path="Tests/DevTools.Mcp.Tests/DevTools.Mcp.Tests.csproj">
            <BuildType Solution="Debug.Autodesk.2022|*" Project="Debug" />
            <BuildType Solution="Debug.Autodesk.2023|*" Project="Debug" />
            <BuildType Solution="Debug.Autodesk.2024|*" Project="Debug" />
            <BuildType Solution="Debug.Autodesk.2025|*" Project="Debug" />
            <BuildType Solution="Debug.Autodesk.2026|*" Project="Debug" />
            <BuildType Solution="Debug.Autodesk.2027|*" Project="Debug" />
            <BuildType Solution="Release.Autodesk.2022|*" Project="Release" />
            <BuildType Solution="Release.Autodesk.2023|*" Project="Release" />
            <BuildType Solution="Release.Autodesk.2024|*" Project="Release" />
            <BuildType Solution="Release.Autodesk.2025|*" Project="Release" />
            <BuildType Solution="Release.Autodesk.2026|*" Project="Release" />
            <BuildType Solution="Release.Autodesk.2027|*" Project="Release" />
            <Build Project="false" />
        </Project>
        <Project Path="Tests/DevTools.Telemetry.Tests/DevTools.Telemetry.Tests.csproj">
            <BuildType Solution="Debug.Autodesk.2022|*" Project="Debug" />
            <BuildType Solution="Debug.Autodesk.2023|*" Project="Debug" />
            <BuildType Solution="Debug.Autodesk.2024|*" Project="Debug" />
            <BuildType Solution="Debug.Autodesk.2025|*" Project="Debug" />
            <BuildType Solution="Debug.Autodesk.2026|*" Project="Debug" />
            <BuildType Solution="Debug.Autodesk.2027|*" Project="Debug" />
            <BuildType Solution="Release.Autodesk.2022|*" Project="Release" />
            <BuildType Solution="Release.Autodesk.2023|*" Project="Release" />
            <BuildType Solution="Release.Autodesk.2024|*" Project="Release" />
            <BuildType Solution="Release.Autodesk.2025|*" Project="Release" />
            <BuildType Solution="Release.Autodesk.2026|*" Project="Release" />
            <BuildType Solution="Release.Autodesk.2027|*" Project="Release" />
            <Build Project="false" />
        </Project>
        <Project Path="tests/DevTools.Logging.Tests/DevTools.Logging.Tests.csproj">
            <BuildType Solution="Debug.Autodesk.2022|*" Project="Debug" />
            <BuildType Solution="Debug.Autodesk.2023|*" Project="Debug" />
            <BuildType Solution="Debug.Autodesk.2024|*" Project="Debug" />
            <BuildType Solution="Debug.Autodesk.2025|*" Project="Debug" />
            <BuildType Solution="Debug.Autodesk.2026|*" Project="Debug" />
            <BuildType Solution="Debug.Autodesk.2027|*" Project="Debug" />
            <BuildType Solution="Release.Autodesk.2022|*" Project="Release" />
            <BuildType Solution="Release.Autodesk.2023|*" Project="Release" />
            <BuildType Solution="Release.Autodesk.2024|*" Project="Release" />
            <BuildType Solution="Release.Autodesk.2025|*" Project="Release" />
            <BuildType Solution="Release.Autodesk.2026|*" Project="Release" />
            <BuildType Solution="Release.Autodesk.2027|*" Project="Release" />
            <Build Project="false" />
        </Project>
        <Project Path="tests/DevTools.Hosting.Tests/DevTools.Hosting.Tests.csproj">
            <BuildType Solution="Debug.Autodesk.2022|*" Project="Debug" />
            <BuildType Solution="Debug.Autodesk.2023|*" Project="Debug" />
            <BuildType Solution="Debug.Autodesk.2024|*" Project="Debug" />
            <BuildType Solution="Debug.Autodesk.2025|*" Project="Debug" />
            <BuildType Solution="Debug.Autodesk.2026|*" Project="Debug" />
            <BuildType Solution="Debug.Autodesk.2027|*" Project="Debug" />
            <BuildType Solution="Release.Autodesk.2022|*" Project="Release" />
            <BuildType Solution="Release.Autodesk.2023|*" Project="Release" />
            <BuildType Solution="Release.Autodesk.2024|*" Project="Release" />
            <BuildType Solution="Release.Autodesk.2025|*" Project="Release" />
            <BuildType Solution="Release.Autodesk.2026|*" Project="Release" />
            <BuildType Solution="Release.Autodesk.2027|*" Project="Release" />
            <Build Project="false" />
        </Project>
        <Project Path="tests/DevTools.Utilities.Tests/DevTools.Utilities.Tests.csproj">
            <BuildType Solution="Debug.Autodesk.2022|*" Project="Debug" />
            <BuildType Solution="Debug.Autodesk.2023|*" Project="Debug" />
            <BuildType Solution="Debug.Autodesk.2024|*" Project="Debug" />
            <BuildType Solution="Debug.Autodesk.2025|*" Project="Debug" />
            <BuildType Solution="Debug.Autodesk.2026|*" Project="Debug" />
            <BuildType Solution="Debug.Autodesk.2027|*" Project="Debug" />
            <BuildType Solution="Release.Autodesk.2022|*" Project="Release" />
            <BuildType Solution="Release.Autodesk.2023|*" Project="Release" />
            <BuildType Solution="Release.Autodesk.2024|*" Project="Release" />
            <BuildType Solution="Release.Autodesk.2025|*" Project="Release" />
            <BuildType Solution="Release.Autodesk.2026|*" Project="Release" />
            <BuildType Solution="Release.Autodesk.2027|*" Project="Release" />
            <Build Project="false" />
        </Project>
        <Project Path="tests/DevTools.Testing.Abstractions.Tests/DevTools.Testing.Abstractions.Tests.csproj">
            <BuildType Solution="Debug.Autodesk.2022|*" Project="Debug" />
            <BuildType Solution="Debug.Autodesk.2023|*" Project="Debug" />
            <BuildType Solution="Debug.Autodesk.2024|*" Project="Debug" />
            <BuildType Solution="Debug.Autodesk.2025|*" Project="Debug" />
            <BuildType Solution="Debug.Autodesk.2026|*" Project="Debug" />
            <BuildType Solution="Debug.Autodesk.2027|*" Project="Debug" />
            <BuildType Solution="Release.Autodesk.2022|*" Project="Release" />
            <BuildType Solution="Release.Autodesk.2023|*" Project="Release" />
            <BuildType Solution="Release.Autodesk.2024|*" Project="Release" />
            <BuildType Solution="Release.Autodesk.2025|*" Project="Release" />
            <BuildType Solution="Release.Autodesk.2026|*" Project="Release" />
            <BuildType Solution="Release.Autodesk.2027|*" Project="Release" />
            <Build Project="false" />
        </Project>
        <Project Path="tests/DevTools.Testing.Transport.Tests/DevTools.Testing.Transport.Tests.csproj">
            <BuildType Solution="Debug.Autodesk.2022|*" Project="Debug" />
            <BuildType Solution="Debug.Autodesk.2023|*" Project="Debug" />
            <BuildType Solution="Debug.Autodesk.2024|*" Project="Debug" />
            <BuildType Solution="Debug.Autodesk.2025|*" Project="Debug" />
            <BuildType Solution="Debug.Autodesk.2026|*" Project="Debug" />
            <BuildType Solution="Debug.Autodesk.2027|*" Project="Debug" />
            <BuildType Solution="Release.Autodesk.2022|*" Project="Release" />
            <BuildType Solution="Release.Autodesk.2023|*" Project="Release" />
            <BuildType Solution="Release.Autodesk.2024|*" Project="Release" />
            <BuildType Solution="Release.Autodesk.2025|*" Project="Release" />
            <BuildType Solution="Release.Autodesk.2026|*" Project="Release" />
            <BuildType Solution="Release.Autodesk.2027|*" Project="Release" />
            <Build Project="false" />
        </Project>
        <Project Path="tests/DevTools.Testing.Host.Tests/DevTools.Testing.Host.Tests.csproj">
            <BuildType Solution="Debug.Autodesk.2022|*" Project="Debug" />
            <BuildType Solution="Debug.Autodesk.2023|*" Project="Debug" />
            <BuildType Solution="Debug.Autodesk.2024|*" Project="Debug" />
            <BuildType Solution="Debug.Autodesk.2025|*" Project="Debug" />
            <BuildType Solution="Debug.Autodesk.2026|*" Project="Debug" />
            <BuildType Solution="Debug.Autodesk.2027|*" Project="Debug" />
            <BuildType Solution="Release.Autodesk.2022|*" Project="Release" />
            <BuildType Solution="Release.Autodesk.2023|*" Project="Release" />
            <BuildType Solution="Release.Autodesk.2024|*" Project="Release" />
            <BuildType Solution="Release.Autodesk.2025|*" Project="Release" />
            <BuildType Solution="Release.Autodesk.2026|*" Project="Release" />
            <BuildType Solution="Release.Autodesk.2027|*" Project="Release" />
            <Build Project="false" />
        </Project>
        <Project Path="tests/DevTools.Testing.Mtp.Tests/DevTools.Testing.Mtp.Tests.csproj">
            <BuildType Solution="Debug.Autodesk.2022|*" Project="Debug" />
            <BuildType Solution="Debug.Autodesk.2023|*" Project="Debug" />
            <BuildType Solution="Debug.Autodesk.2024|*" Project="Debug" />
            <BuildType Solution="Debug.Autodesk.2025|*" Project="Debug" />
            <BuildType Solution="Debug.Autodesk.2026|*" Project="Debug" />
            <BuildType Solution="Debug.Autodesk.2027|*" Project="Debug" />
            <BuildType Solution="Release.Autodesk.2022|*" Project="Release" />
            <BuildType Solution="Release.Autodesk.2023|*" Project="Release" />
            <BuildType Solution="Release.Autodesk.2024|*" Project="Release" />
            <BuildType Solution="Release.Autodesk.2025|*" Project="Release" />
            <BuildType Solution="Release.Autodesk.2026|*" Project="Release" />
            <BuildType Solution="Release.Autodesk.2027|*" Project="Release" />
            <Build Project="false" />
        </Project>
        <Project Path="tests/DevTools.Hosting.Revit.Tests/DevTools.Hosting.Revit.Tests.csproj">
            <BuildType Solution="Debug.Autodesk.2022|*" Project="Debug" />
            <BuildType Solution="Debug.Autodesk.2023|*" Project="Debug" />
            <BuildType Solution="Debug.Autodesk.2024|*" Project="Debug" />
            <BuildType Solution="Debug.Autodesk.2025|*" Project="Debug" />
            <BuildType Solution="Debug.Autodesk.2026|*" Project="Debug" />
            <BuildType Solution="Debug.Autodesk.2027|*" Project="Debug" />
            <BuildType Solution="Release.Autodesk.2022|*" Project="Release" />
            <BuildType Solution="Release.Autodesk.2023|*" Project="Release" />
            <BuildType Solution="Release.Autodesk.2024|*" Project="Release" />
            <BuildType Solution="Release.Autodesk.2025|*" Project="Release" />
            <BuildType Solution="Release.Autodesk.2026|*" Project="Release" />
            <BuildType Solution="Release.Autodesk.2027|*" Project="Release" />
            <Build Project="false" />
        </Project>
        <Project Path="tests/DevTools.Hosting.Acad.Tests/DevTools.Hosting.Acad.Tests.csproj">
            <BuildType Solution="Debug.Autodesk.2022|*" Project="Debug" />
            <BuildType Solution="Debug.Autodesk.2023|*" Project="Debug" />
            <BuildType Solution="Debug.Autodesk.2024|*" Project="Debug" />
            <BuildType Solution="Debug.Autodesk.2025|*" Project="Debug" />
            <BuildType Solution="Debug.Autodesk.2026|*" Project="Debug" />
            <BuildType Solution="Debug.Autodesk.2027|*" Project="Debug" />
            <BuildType Solution="Release.Autodesk.2022|*" Project="Release" />
            <BuildType Solution="Release.Autodesk.2023|*" Project="Release" />
            <BuildType Solution="Release.Autodesk.2024|*" Project="Release" />
            <BuildType Solution="Release.Autodesk.2025|*" Project="Release" />
            <BuildType Solution="Release.Autodesk.2026|*" Project="Release" />
            <BuildType Solution="Release.Autodesk.2027|*" Project="Release" />
            <Build Project="false" />
        </Project>
        <Project Path="tests/DevTools.FileMetadata.Core.Tests/DevTools.FileMetadata.Core.Tests.csproj">
            <BuildType Solution="Debug.Autodesk.2022|*" Project="Debug" />
            <BuildType Solution="Debug.Autodesk.2023|*" Project="Debug" />
            <BuildType Solution="Debug.Autodesk.2024|*" Project="Debug" />
            <BuildType Solution="Debug.Autodesk.2025|*" Project="Debug" />
            <BuildType Solution="Debug.Autodesk.2026|*" Project="Debug" />
            <BuildType Solution="Debug.Autodesk.2027|*" Project="Debug" />
            <BuildType Solution="Release.Autodesk.2022|*" Project="Release" />
            <BuildType Solution="Release.Autodesk.2023|*" Project="Release" />
            <BuildType Solution="Release.Autodesk.2024|*" Project="Release" />
            <BuildType Solution="Release.Autodesk.2025|*" Project="Release" />
            <BuildType Solution="Release.Autodesk.2026|*" Project="Release" />
            <BuildType Solution="Release.Autodesk.2027|*" Project="Release" />
            <Build Project="false" />
        </Project>
        <Project Path="tests/DevTools.NUnit.Host.Spike.Fixtures/DevTools.NUnit.Host.Spike.Fixtures.csproj">
            <BuildType Solution="Debug.Autodesk.2022|*" Project="Debug" />
            <BuildType Solution="Debug.Autodesk.2023|*" Project="Debug" />
            <BuildType Solution="Debug.Autodesk.2024|*" Project="Debug" />
            <BuildType Solution="Debug.Autodesk.2025|*" Project="Debug" />
            <BuildType Solution="Debug.Autodesk.2026|*" Project="Debug" />
            <BuildType Solution="Debug.Autodesk.2027|*" Project="Debug" />
            <BuildType Solution="Release.Autodesk.2022|*" Project="Release" />
            <BuildType Solution="Release.Autodesk.2023|*" Project="Release" />
            <BuildType Solution="Release.Autodesk.2024|*" Project="Release" />
            <BuildType Solution="Release.Autodesk.2025|*" Project="Release" />
            <BuildType Solution="Release.Autodesk.2026|*" Project="Release" />
            <BuildType Solution="Release.Autodesk.2027|*" Project="Release" />
            <Build Project="false" />
        </Project>
        <Project Path="tests/DevTools.NUnit.Runtime.Fixtures/DevTools.NUnit.Runtime.Fixtures.csproj">
            <BuildType Solution="Debug.Autodesk.2022|*" Project="Debug" />
            <BuildType Solution="Debug.Autodesk.2023|*" Project="Debug" />
            <BuildType Solution="Debug.Autodesk.2024|*" Project="Debug" />
            <BuildType Solution="Debug.Autodesk.2025|*" Project="Debug" />
            <BuildType Solution="Debug.Autodesk.2026|*" Project="Debug" />
            <BuildType Solution="Debug.Autodesk.2027|*" Project="Debug" />
            <BuildType Solution="Release.Autodesk.2022|*" Project="Release" />
            <BuildType Solution="Release.Autodesk.2023|*" Project="Release" />
            <BuildType Solution="Release.Autodesk.2024|*" Project="Release" />
            <BuildType Solution="Release.Autodesk.2025|*" Project="Release" />
            <BuildType Solution="Release.Autodesk.2026|*" Project="Release" />
            <BuildType Solution="Release.Autodesk.2027|*" Project="Release" />
            <Build Project="false" />
        </Project>
        <Project Path="tests/DevTools.NUnit.Runtime.Tests/DevTools.NUnit.Runtime.Tests.csproj">
            <BuildType Solution="Debug.Autodesk.2022|*" Project="Debug" />
            <BuildType Solution="Debug.Autodesk.2023|*" Project="Debug" />
            <BuildType Solution="Debug.Autodesk.2024|*" Project="Debug" />
            <BuildType Solution="Debug.Autodesk.2025|*" Project="Debug" />
            <BuildType Solution="Debug.Autodesk.2026|*" Project="Debug" />
            <BuildType Solution="Debug.Autodesk.2027|*" Project="Debug" />
            <BuildType Solution="Release.Autodesk.2022|*" Project="Release" />
            <BuildType Solution="Release.Autodesk.2023|*" Project="Release" />
            <BuildType Solution="Release.Autodesk.2024|*" Project="Release" />
            <BuildType Solution="Release.Autodesk.2025|*" Project="Release" />
            <BuildType Solution="Release.Autodesk.2026|*" Project="Release" />
            <BuildType Solution="Release.Autodesk.2027|*" Project="Release" />
            <Build Project="false" />
        </Project>
        <Project Path="tests/DevTools.NUnit.Runtime.Tests/Fixtures/DevTools.NUnit.Runtime.Tests.Fixtures.csproj">
            <BuildType Solution="Debug.Autodesk.2022|*" Project="Debug" />
            <BuildType Solution="Debug.Autodesk.2023|*" Project="Debug" />
            <BuildType Solution="Debug.Autodesk.2024|*" Project="Debug" />
            <BuildType Solution="Debug.Autodesk.2025|*" Project="Debug" />
            <BuildType Solution="Debug.Autodesk.2026|*" Project="Debug" />
            <BuildType Solution="Debug.Autodesk.2027|*" Project="Debug" />
            <BuildType Solution="Release.Autodesk.2022|*" Project="Release" />
            <BuildType Solution="Release.Autodesk.2023|*" Project="Release" />
            <BuildType Solution="Release.Autodesk.2024|*" Project="Release" />
            <BuildType Solution="Release.Autodesk.2025|*" Project="Release" />
            <BuildType Solution="Release.Autodesk.2026|*" Project="Release" />
            <BuildType Solution="Release.Autodesk.2027|*" Project="Release" />
            <Build Project="false" />
        </Project>
        <Project Path="tests/DevTools.NUnit.Host.NetFramework.Tests/DevTools.NUnit.Host.NetFramework.Tests.csproj">
            <BuildType Solution="Debug.Autodesk.2022|*" Project="Debug" />
            <BuildType Solution="Debug.Autodesk.2023|*" Project="Debug" />
            <BuildType Solution="Debug.Autodesk.2024|*" Project="Debug" />
            <BuildType Solution="Debug.Autodesk.2025|*" Project="Debug" />
            <BuildType Solution="Debug.Autodesk.2026|*" Project="Debug" />
            <BuildType Solution="Debug.Autodesk.2027|*" Project="Debug" />
            <BuildType Solution="Release.Autodesk.2022|*" Project="Release" />
            <BuildType Solution="Release.Autodesk.2023|*" Project="Release" />
            <BuildType Solution="Release.Autodesk.2024|*" Project="Release" />
            <BuildType Solution="Release.Autodesk.2025|*" Project="Release" />
            <BuildType Solution="Release.Autodesk.2026|*" Project="Release" />
            <BuildType Solution="Release.Autodesk.2027|*" Project="Release" />
            <Build Project="false" />
        </Project>
        <Project Path="tests/DevTools.NUnit.Host.Tests/DevTools.NUnit.Host.Tests.csproj">
            <BuildType Solution="Debug.Autodesk.2022|*" Project="Debug" />
            <BuildType Solution="Debug.Autodesk.2023|*" Project="Debug" />
            <BuildType Solution="Debug.Autodesk.2024|*" Project="Debug" />
            <BuildType Solution="Debug.Autodesk.2025|*" Project="Debug" />
            <BuildType Solution="Debug.Autodesk.2026|*" Project="Debug" />
            <BuildType Solution="Debug.Autodesk.2027|*" Project="Debug" />
            <BuildType Solution="Release.Autodesk.2022|*" Project="Release" />
            <BuildType Solution="Release.Autodesk.2023|*" Project="Release" />
            <BuildType Solution="Release.Autodesk.2024|*" Project="Release" />
            <BuildType Solution="Release.Autodesk.2025|*" Project="Release" />
            <BuildType Solution="Release.Autodesk.2026|*" Project="Release" />
            <BuildType Solution="Release.Autodesk.2027|*" Project="Release" />
            <Build Project="false" />
        </Project>
        <Project Path="tests/DevTools.TestRunner.Tests/DevTools.TestRunner.Tests.csproj">
            <BuildType Solution="Debug.Autodesk.2022|*" Project="Debug" />
            <BuildType Solution="Debug.Autodesk.2023|*" Project="Debug" />
            <BuildType Solution="Debug.Autodesk.2024|*" Project="Debug" />
            <BuildType Solution="Debug.Autodesk.2025|*" Project="Debug" />
            <BuildType Solution="Debug.Autodesk.2026|*" Project="Debug" />
            <BuildType Solution="Debug.Autodesk.2027|*" Project="Debug" />
            <BuildType Solution="Release.Autodesk.2022|*" Project="Release" />
            <BuildType Solution="Release.Autodesk.2023|*" Project="Release" />
            <BuildType Solution="Release.Autodesk.2024|*" Project="Release" />
            <BuildType Solution="Release.Autodesk.2025|*" Project="Release" />
            <BuildType Solution="Release.Autodesk.2026|*" Project="Release" />
            <BuildType Solution="Release.Autodesk.2027|*" Project="Release" />
            <Build Project="false" />
        </Project>
        <Project Path="tests/DevTools.TestRunner.Core.Tests/DevTools.TestRunner.Core.Tests.csproj" />
        <Project Path="tests/DevTools.NUnit.Runner.Tests/DevTools.NUnit.Runner.Tests.csproj" />
        <Project Path="tests/DevTools.NUnit.Mtp.Tests/DevTools.NUnit.Mtp.Tests.csproj">
            <BuildType Solution="Debug.Autodesk.2022|*" Project="Debug" />
            <BuildType Solution="Debug.Autodesk.2023|*" Project="Debug" />
            <BuildType Solution="Debug.Autodesk.2024|*" Project="Debug" />
            <BuildType Solution="Debug.Autodesk.2025|*" Project="Debug" />
            <BuildType Solution="Debug.Autodesk.2026|*" Project="Debug" />
            <BuildType Solution="Debug.Autodesk.2027|*" Project="Debug" />
            <BuildType Solution="Release.Autodesk.2022|*" Project="Release" />
            <BuildType Solution="Release.Autodesk.2023|*" Project="Release" />
            <BuildType Solution="Release.Autodesk.2024|*" Project="Release" />
            <BuildType Solution="Release.Autodesk.2025|*" Project="Release" />
            <BuildType Solution="Release.Autodesk.2026|*" Project="Release" />
            <BuildType Solution="Release.Autodesk.2027|*" Project="Release" />
            <Build Project="false" />
        </Project>
    </Folder>
    <Folder Name="/Libs/">
        <Project Path="libs/MahApps.Metro/src/MahApps.Metro/MahApps.Metro.csproj">
            <BuildType Solution="Debug.Autodesk.2022|*" Project="Debug" />
            <BuildType Solution="Debug.Autodesk.2023|*" Project="Debug" />
            <BuildType Solution="Debug.Autodesk.2024|*" Project="Debug" />
            <BuildType Solution="Debug.Autodesk.2025|*" Project="Debug" />
            <BuildType Solution="Debug.Autodesk.2026|*" Project="Debug" />
            <BuildType Solution="Debug.Autodesk.2027|*" Project="Debug" />
            <BuildType Solution="Release.Autodesk.2022|*" Project="Release" />
            <BuildType Solution="Release.Autodesk.2023|*" Project="Release" />
            <BuildType Solution="Release.Autodesk.2024|*" Project="Release" />
            <BuildType Solution="Release.Autodesk.2025|*" Project="Release" />
            <BuildType Solution="Release.Autodesk.2026|*" Project="Release" />
            <BuildType Solution="Release.Autodesk.2027|*" Project="Release" />
        </Project>
        <Project Path="libs/ControlzEx/src/ControlzEx/ControlzEx.csproj">
            <BuildType Solution="Debug.Autodesk.2022|*" Project="Debug" />
            <BuildType Solution="Debug.Autodesk.2023|*" Project="Debug" />
            <BuildType Solution="Debug.Autodesk.2024|*" Project="Debug" />
            <BuildType Solution="Debug.Autodesk.2025|*" Project="Debug" />
            <BuildType Solution="Debug.Autodesk.2026|*" Project="Debug" />
            <BuildType Solution="Debug.Autodesk.2027|*" Project="Debug" />
            <BuildType Solution="Release.Autodesk.2022|*" Project="Release" />
            <BuildType Solution="Release.Autodesk.2023|*" Project="Release" />
            <BuildType Solution="Release.Autodesk.2024|*" Project="Release" />
            <BuildType Solution="Release.Autodesk.2025|*" Project="Release" />
            <BuildType Solution="Release.Autodesk.2026|*" Project="Release" />
            <BuildType Solution="Release.Autodesk.2027|*" Project="Release" />
        </Project>
        <Project Path="libs/XamlBehaviorsWpf/src/Microsoft.Xaml.Behaviors/Microsoft.Xaml.Behaviors.csproj">
            <BuildType Solution="Debug.Autodesk.2022|*" Project="Debug" />
            <BuildType Solution="Debug.Autodesk.2023|*" Project="Debug" />
            <BuildType Solution="Debug.Autodesk.2024|*" Project="Debug" />
            <BuildType Solution="Debug.Autodesk.2025|*" Project="Debug" />
            <BuildType Solution="Debug.Autodesk.2026|*" Project="Debug" />
            <BuildType Solution="Debug.Autodesk.2027|*" Project="Debug" />
            <BuildType Solution="Release.Autodesk.2022|*" Project="Release" />
            <BuildType Solution="Release.Autodesk.2023|*" Project="Release" />
            <BuildType Solution="Release.Autodesk.2024|*" Project="Release" />
            <BuildType Solution="Release.Autodesk.2025|*" Project="Release" />
            <BuildType Solution="Release.Autodesk.2026|*" Project="Release" />
            <BuildType Solution="Release.Autodesk.2027|*" Project="Release" />
        </Project>
        <Project Path="libs/pythonnet-stub-generator/csharp/PythonNetStubGenerator/PythonNetStubGenerator.csproj">
            <BuildType Solution="Debug.Autodesk.2022|*" Project="Debug" />
            <BuildType Solution="Debug.Autodesk.2023|*" Project="Debug" />
            <BuildType Solution="Debug.Autodesk.2024|*" Project="Debug" />
            <BuildType Solution="Debug.Autodesk.2025|*" Project="Debug" />
            <BuildType Solution="Debug.Autodesk.2026|*" Project="Debug" />
            <BuildType Solution="Debug.Autodesk.2027|*" Project="Debug" />
            <BuildType Solution="Release.Autodesk.2022|*" Project="Release" />
            <BuildType Solution="Release.Autodesk.2023|*" Project="Release" />
            <BuildType Solution="Release.Autodesk.2024|*" Project="Release" />
            <BuildType Solution="Release.Autodesk.2025|*" Project="Release" />
            <BuildType Solution="Release.Autodesk.2026|*" Project="Release" />
            <BuildType Solution="Release.Autodesk.2027|*" Project="Release" />
        </Project>
        <Project Path="source/RevitDevTool.Core/RevitDevTool.Core.csproj" />
    </Folder>
    <Project Path="source/RevitDevTool/RevitDevTool.csproj" />
    <Project Path="source/AcadDevTool/AcadDevTool.csproj" />
</Solution>
