
Microsoft Visual Studio Solution File, Format Version 12.00
# Visual Studio Version 18
VisualStudioVersion = 18.1.11312.151
MinimumVisualStudioVersion = 10.0.40219.1
Project("{2150E333-8FDC-42A3-9474-1A3956D46DE8}") = "Solution Items", "Solution Items", "{1EB1EA41-E100-4105-8EF6-4931345ADF56}"
	ProjectSection(SolutionItems) = preProject
		.editorconfig = .editorconfig
		.gitignore = .gitignore
		Build\Build.Configuration.cs = Build\Build.Configuration.cs
		Changelog.md = Changelog.md
		source\Directory.Build.props = source\Directory.Build.props
		Directory.Packages.props = Directory.Packages.props
		Readme.md = Readme.md
	EndProjectSection
EndProject
Project("{2150E333-8FDC-42A3-9474-1A3956D46DE8}") = "Automation", "Automation", "{91D068A4-CC13-4DF2-881B-FF41E8D32A71}"
EndProject
Project("{FAE04EC0-301F-11D3-BF4B-00C04F79EFBC}") = "Build", "build\Build.csproj", "{7895EAFA-9A58-42C5-A1D5-2D38B54357FA}"
EndProject
Project("{FAE04EC0-301F-11D3-BF4B-00C04F79EFBC}") = "Installer", "install\Installer.csproj", "{6888FA85-42D0-408B-BF96-F8CEE3368133}"
EndProject
Project("{FAE04EC0-301F-11D3-BF4B-00C04F79EFBC}") = "RevitDevTool", "source\RevitDevTool\RevitDevTool.csproj", "{DD53351A-AD4D-48A0-897F-EA44F84A6A52}"
EndProject
Project("{FAE04EC0-301F-11D3-BF4B-00C04F79EFBC}") = "CSharpDemo", "source\Samples\CSharpDemo\CSharpDemo.csproj", "{33C90C02-CA4E-4C48-B60D-D8F0EB44A8EB}"
EndProject
Project("{FAE04EC0-301F-11D3-BF4B-00C04F79EFBC}") = "PythonNetStubGenerator", "source\PythonNetStubGenerator\PythonNetStubGenerator.csproj", "{7366EE36-0B1D-4E55-A444-7E3C77866DAF}"
EndProject
Project("{2150E333-8FDC-42A3-9474-1A3956D46DE8}") = "Samples", "Samples", "{3AF33D8D-7818-4C55-9901-7074C2CBDB74}"
EndProject
Project("{FAE04EC0-301F-11D3-BF4B-00C04F79EFBC}") = "Serilog.Sinks.RichTextBox.WinForms.Colored", "source\Serilog.Sinks.RichTextBox.WinForms.Colored\Serilog.Sinks.RichTextBox.WinForms.Colored.csproj", "{4774219E-D54B-4740-8CA9-C7B653243F38}"
EndProject
Project("{2150E333-8FDC-42A3-9474-1A3956D46DE8}") = "Supports", "Supports", "{44D2DCF6-7C87-403C-90ED-74A56F311540}"
EndProject
Project("{F2A71F9B-5D33-465A-A702-920D77279786}") = "FSharpDemo", "source\Samples\FSharpDemo\FSharpDemo.fsproj", "{CAB1E6AA-974C-4A41-AF01-4D39CA3B9FFC}"
EndProject
Global
	GlobalSection(SolutionConfigurationPlatforms) = preSolution
		Debug R22|x64 = Debug R22|x64
		Debug R22|Any CPU = Debug R22|Any CPU
		Debug R22|x86 = Debug R22|x86
		Debug R23|x64 = Debug R23|x64
		Debug R23|Any CPU = Debug R23|Any CPU
		Debug R23|x86 = Debug R23|x86
		Debug R24|x64 = Debug R24|x64
		Debug R24|Any CPU = Debug R24|Any CPU
		Debug R24|x86 = Debug R24|x86
		Debug R25|x64 = Debug R25|x64
		Debug R25|Any CPU = Debug R25|Any CPU
		Debug R25|x86 = Debug R25|x86
		Debug R26|x64 = Debug R26|x64
		Debug R26|Any CPU = Debug R26|Any CPU
		Debug R26|x86 = Debug R26|x86
		Release R22|x64 = Release R22|x64
		Release R22|Any CPU = Release R22|Any CPU
		Release R22|x86 = Release R22|x86
		Release R23|x64 = Release R23|x64
		Release R23|Any CPU = Release R23|Any CPU
		Release R23|x86 = Release R23|x86
		Release R24|x64 = Release R24|x64
		Release R24|Any CPU = Release R24|Any CPU
		Release R24|x86 = Release R24|x86
		Release R25|x64 = Release R25|x64
		Release R25|Any CPU = Release R25|Any CPU
		Release R25|x86 = Release R25|x86
		Release R26|x64 = Release R26|x64
		Release R26|Any CPU = Release R26|Any CPU
		Release R26|x86 = Release R26|x86
		Debug|x64 = Debug|x64
		Debug|Any CPU = Debug|Any CPU
		Debug|x86 = Debug|x86
		Release|x64 = Release|x64
		Release|Any CPU = Release|Any CPU
		Release|x86 = Release|x86
	EndGlobalSection
	GlobalSection(ProjectConfigurationPlatforms) = postSolution
		{7895EAFA-9A58-42C5-A1D5-2D38B54357FA}.Debug R22|x64.ActiveCfg = Debug|Any CPU
		{7895EAFA-9A58-42C5-A1D5-2D38B54357FA}.Debug R22|Any CPU.ActiveCfg = Debug R22|Any CPU
		{7895EAFA-9A58-42C5-A1D5-2D38B54357FA}.Debug R22|Any CPU.Build.0 = Debug R22|Any CPU
		{7895EAFA-9A58-42C5-A1D5-2D38B54357FA}.Debug R22|x86.ActiveCfg = Debug R22|Any CPU
		{7895EAFA-9A58-42C5-A1D5-2D38B54357FA}.Debug R22|x86.Build.0 = Debug R22|Any CPU
		{7895EAFA-9A58-42C5-A1D5-2D38B54357FA}.Debug R23|x64.ActiveCfg = Debug|Any CPU
		{7895EAFA-9A58-42C5-A1D5-2D38B54357FA}.Debug R23|Any CPU.ActiveCfg = Debug R23|Any CPU
		{7895EAFA-9A58-42C5-A1D5-2D38B54357FA}.Debug R23|Any CPU.Build.0 = Debug R23|Any CPU
		{7895EAFA-9A58-42C5-A1D5-2D38B54357FA}.Debug R23|x86.ActiveCfg = Debug R23|Any CPU
		{7895EAFA-9A58-42C5-A1D5-2D38B54357FA}.Debug R23|x86.Build.0 = Debug R23|Any CPU
		{7895EAFA-9A58-42C5-A1D5-2D38B54357FA}.Debug R24|x64.ActiveCfg = Debug|Any CPU
		{7895EAFA-9A58-42C5-A1D5-2D38B54357FA}.Debug R24|Any CPU.ActiveCfg = Debug R24|Any CPU
		{7895EAFA-9A58-42C5-A1D5-2D38B54357FA}.Debug R24|Any CPU.Build.0 = Debug R24|Any CPU
		{7895EAFA-9A58-42C5-A1D5-2D38B54357FA}.Debug R24|x86.ActiveCfg = Debug R24|Any CPU
		{7895EAFA-9A58-42C5-A1D5-2D38B54357FA}.Debug R24|x86.Build.0 = Debug R24|Any CPU
		{7895EAFA-9A58-42C5-A1D5-2D38B54357FA}.Debug R25|x64.ActiveCfg = Debug|Any CPU
		{7895EAFA-9A58-42C5-A1D5-2D38B54357FA}.Debug R25|Any CPU.ActiveCfg = Debug R25|Any CPU
		{7895EAFA-9A58-42C5-A1D5-2D38B54357FA}.Debug R25|Any CPU.Build.0 = Debug R25|Any CPU
		{7895EAFA-9A58-42C5-A1D5-2D38B54357FA}.Debug R25|x86.ActiveCfg = Debug R25|Any CPU
		{7895EAFA-9A58-42C5-A1D5-2D38B54357FA}.Debug R25|x86.Build.0 = Debug R25|Any CPU
		{7895EAFA-9A58-42C5-A1D5-2D38B54357FA}.Debug R26|x64.ActiveCfg = Debug|Any CPU
		{7895EAFA-9A58-42C5-A1D5-2D38B54357FA}.Debug R26|Any CPU.ActiveCfg = Debug R26|Any CPU
		{7895EAFA-9A58-42C5-A1D5-2D38B54357FA}.Debug R26|Any CPU.Build.0 = Debug R26|Any CPU
		{7895EAFA-9A58-42C5-A1D5-2D38B54357FA}.Debug R26|x86.ActiveCfg = Debug R26|Any CPU
		{7895EAFA-9A58-42C5-A1D5-2D38B54357FA}.Debug R26|x86.Build.0 = Debug R26|Any CPU
		{7895EAFA-9A58-42C5-A1D5-2D38B54357FA}.Release R22|x64.ActiveCfg = Release|Any CPU
		{7895EAFA-9A58-42C5-A1D5-2D38B54357FA}.Release R22|Any CPU.ActiveCfg = Release R22|Any CPU
		{7895EAFA-9A58-42C5-A1D5-2D38B54357FA}.Release R22|Any CPU.Build.0 = Release R22|Any CPU
		{7895EAFA-9A58-42C5-A1D5-2D38B54357FA}.Release R22|x86.ActiveCfg = Release R22|Any CPU
		{7895EAFA-9A58-42C5-A1D5-2D38B54357FA}.Release R22|x86.Build.0 = Release R22|Any CPU
		{7895EAFA-9A58-42C5-A1D5-2D38B54357FA}.Release R23|x64.ActiveCfg = Release|Any CPU
		{7895EAFA-9A58-42C5-A1D5-2D38B54357FA}.Release R23|Any CPU.ActiveCfg = Release R23|Any CPU
		{7895EAFA-9A58-42C5-A1D5-2D38B54357FA}.Release R23|Any CPU.Build.0 = Release R23|Any CPU
		{7895EAFA-9A58-42C5-A1D5-2D38B54357FA}.Release R23|x86.ActiveCfg = Release R23|Any CPU
		{7895EAFA-9A58-42C5-A1D5-2D38B54357FA}.Release R23|x86.Build.0 = Release R23|Any CPU
		{7895EAFA-9A58-42C5-A1D5-2D38B54357FA}.Release R24|x64.ActiveCfg = Release|Any CPU
		{7895EAFA-9A58-42C5-A1D5-2D38B54357FA}.Release R24|Any CPU.ActiveCfg = Release R24|Any CPU
		{7895EAFA-9A58-42C5-A1D5-2D38B54357FA}.Release R24|Any CPU.Build.0 = Release R24|Any CPU
		{7895EAFA-9A58-42C5-A1D5-2D38B54357FA}.Release R24|x86.ActiveCfg = Release R24|Any CPU
		{7895EAFA-9A58-42C5-A1D5-2D38B54357FA}.Release R24|x86.Build.0 = Release R24|Any CPU
		{7895EAFA-9A58-42C5-A1D5-2D38B54357FA}.Release R25|x64.ActiveCfg = Release|Any CPU
		{7895EAFA-9A58-42C5-A1D5-2D38B54357FA}.Release R25|Any CPU.ActiveCfg = Release R25|Any CPU
		{7895EAFA-9A58-42C5-A1D5-2D38B54357FA}.Release R25|Any CPU.Build.0 = Release R25|Any CPU
		{7895EAFA-9A58-42C5-A1D5-2D38B54357FA}.Release R25|x86.ActiveCfg = Release R25|Any CPU
		{7895EAFA-9A58-42C5-A1D5-2D38B54357FA}.Release R25|x86.Build.0 = Release R25|Any CPU
		{7895EAFA-9A58-42C5-A1D5-2D38B54357FA}.Release R26|x64.ActiveCfg = Release|Any CPU
		{7895EAFA-9A58-42C5-A1D5-2D38B54357FA}.Release R26|Any CPU.ActiveCfg = Release R26|Any CPU
		{7895EAFA-9A58-42C5-A1D5-2D38B54357FA}.Release R26|Any CPU.Build.0 = Release R26|Any CPU
		{7895EAFA-9A58-42C5-A1D5-2D38B54357FA}.Release R26|x86.ActiveCfg = Release R26|Any CPU
		{7895EAFA-9A58-42C5-A1D5-2D38B54357FA}.Release R26|x86.Build.0 = Release R26|Any CPU
		{7895EAFA-9A58-42C5-A1D5-2D38B54357FA}.Debug|x64.ActiveCfg = Debug|Any CPU
		{7895EAFA-9A58-42C5-A1D5-2D38B54357FA}.Debug|x64.Build.0 = Debug|Any CPU
		{7895EAFA-9A58-42C5-A1D5-2D38B54357FA}.Debug|Any CPU.ActiveCfg = Debug|Any CPU
		{7895EAFA-9A58-42C5-A1D5-2D38B54357FA}.Debug|Any CPU.Build.0 = Debug|Any CPU
		{7895EAFA-9A58-42C5-A1D5-2D38B54357FA}.Debug|x86.ActiveCfg = Debug|Any CPU
		{7895EAFA-9A58-42C5-A1D5-2D38B54357FA}.Debug|x86.Build.0 = Debug|Any CPU
		{7895EAFA-9A58-42C5-A1D5-2D38B54357FA}.Release|x64.ActiveCfg = Release|Any CPU
		{7895EAFA-9A58-42C5-A1D5-2D38B54357FA}.Release|x64.Build.0 = Release|Any CPU
		{7895EAFA-9A58-42C5-A1D5-2D38B54357FA}.Release|Any CPU.ActiveCfg = Release|Any CPU
		{7895EAFA-9A58-42C5-A1D5-2D38B54357FA}.Release|Any CPU.Build.0 = Release|Any CPU
		{7895EAFA-9A58-42C5-A1D5-2D38B54357FA}.Release|x86.ActiveCfg = Release|Any CPU
		{7895EAFA-9A58-42C5-A1D5-2D38B54357FA}.Release|x86.Build.0 = Release|Any CPU
		{6888FA85-42D0-408B-BF96-F8CEE3368133}.Debug R22|x64.ActiveCfg = Debug|Any CPU
		{6888FA85-42D0-408B-BF96-F8CEE3368133}.Debug R22|x64.Build.0 = Debug|Any CPU
		{6888FA85-42D0-408B-BF96-F8CEE3368133}.Debug R22|Any CPU.ActiveCfg = Debug R22|Any CPU
		{6888FA85-42D0-408B-BF96-F8CEE3368133}.Debug R22|Any CPU.Build.0 = Debug R22|Any CPU
		{6888FA85-42D0-408B-BF96-F8CEE3368133}.Debug R22|x86.ActiveCfg = Debug R22|Any CPU
		{6888FA85-42D0-408B-BF96-F8CEE3368133}.Debug R22|x86.Build.0 = Debug R22|Any CPU
		{6888FA85-42D0-408B-BF96-F8CEE3368133}.Debug R23|x64.ActiveCfg = Debug|Any CPU
		{6888FA85-42D0-408B-BF96-F8CEE3368133}.Debug R23|x64.Build.0 = Debug|Any CPU
		{6888FA85-42D0-408B-BF96-F8CEE3368133}.Debug R23|Any CPU.ActiveCfg = Debug R23|Any CPU
		{6888FA85-42D0-408B-BF96-F8CEE3368133}.Debug R23|Any CPU.Build.0 = Debug R23|Any CPU
		{6888FA85-42D0-408B-BF96-F8CEE3368133}.Debug R23|x86.ActiveCfg = Debug R23|Any CPU
		{6888FA85-42D0-408B-BF96-F8CEE3368133}.Debug R23|x86.Build.0 = Debug R23|Any CPU
		{6888FA85-42D0-408B-BF96-F8CEE3368133}.Debug R24|x64.ActiveCfg = Debug|Any CPU
		{6888FA85-42D0-408B-BF96-F8CEE3368133}.Debug R24|x64.Build.0 = Debug|Any CPU
		{6888FA85-42D0-408B-BF96-F8CEE3368133}.Debug R24|Any CPU.ActiveCfg = Debug R24|Any CPU
		{6888FA85-42D0-408B-BF96-F8CEE3368133}.Debug R24|Any CPU.Build.0 = Debug R24|Any CPU
		{6888FA85-42D0-408B-BF96-F8CEE3368133}.Debug R24|x86.ActiveCfg = Debug R24|Any CPU
		{6888FA85-42D0-408B-BF96-F8CEE3368133}.Debug R24|x86.Build.0 = Debug R24|Any CPU
		{6888FA85-42D0-408B-BF96-F8CEE3368133}.Debug R25|x64.ActiveCfg = Debug|Any CPU
		{6888FA85-42D0-408B-BF96-F8CEE3368133}.Debug R25|x64.Build.0 = Debug|Any CPU
		{6888FA85-42D0-408B-BF96-F8CEE3368133}.Debug R25|Any CPU.ActiveCfg = Debug R25|Any CPU
		{6888FA85-42D0-408B-BF96-F8CEE3368133}.Debug R25|Any CPU.Build.0 = Debug R25|Any CPU
		{6888FA85-42D0-408B-BF96-F8CEE3368133}.Debug R25|x86.ActiveCfg = Debug R25|Any CPU
		{6888FA85-42D0-408B-BF96-F8CEE3368133}.Debug R25|x86.Build.0 = Debug R25|Any CPU
		{6888FA85-42D0-408B-BF96-F8CEE3368133}.Debug R26|x64.ActiveCfg = Debug|Any CPU
		{6888FA85-42D0-408B-BF96-F8CEE3368133}.Debug R26|x64.Build.0 = Debug|Any CPU
		{6888FA85-42D0-408B-BF96-F8CEE3368133}.Debug R26|Any CPU.ActiveCfg = Debug R26|Any CPU
		{6888FA85-42D0-408B-BF96-F8CEE3368133}.Debug R26|Any CPU.Build.0 = Debug R26|Any CPU
		{6888FA85-42D0-408B-BF96-F8CEE3368133}.Debug R26|x86.ActiveCfg = Debug R26|Any CPU
		{6888FA85-42D0-408B-BF96-F8CEE3368133}.Debug R26|x86.Build.0 = Debug R26|Any CPU
		{6888FA85-42D0-408B-BF96-F8CEE3368133}.Release R22|x64.ActiveCfg = Release|Any CPU
		{6888FA85-42D0-408B-BF96-F8CEE3368133}.Release R22|x64.Build.0 = Release|Any CPU
		{6888FA85-42D0-408B-BF96-F8CEE3368133}.Release R22|Any CPU.ActiveCfg = Release R22|Any CPU
		{6888FA85-42D0-408B-BF96-F8CEE3368133}.Release R22|Any CPU.Build.0 = Release R22|Any CPU
		{6888FA85-42D0-408B-BF96-F8CEE3368133}.Release R22|x86.ActiveCfg = Release R22|Any CPU
		{6888FA85-42D0-408B-BF96-F8CEE3368133}.Release R22|x86.Build.0 = Release R22|Any CPU
		{6888FA85-42D0-408B-BF96-F8CEE3368133}.Release R23|x64.ActiveCfg = Release|Any CPU
		{6888FA85-42D0-408B-BF96-F8CEE3368133}.Release R23|x64.Build.0 = Release|Any CPU
		{6888FA85-42D0-408B-BF96-F8CEE3368133}.Release R23|Any CPU.ActiveCfg = Release R23|Any CPU
		{6888FA85-42D0-408B-BF96-F8CEE3368133}.Release R23|Any CPU.Build.0 = Release R23|Any CPU
		{6888FA85-42D0-408B-BF96-F8CEE3368133}.Release R23|x86.ActiveCfg = Release R23|Any CPU
		{6888FA85-42D0-408B-BF96-F8CEE3368133}.Release R23|x86.Build.0 = Release R23|Any CPU
		{6888FA85-42D0-408B-BF96-F8CEE3368133}.Release R24|x64.ActiveCfg = Release|Any CPU
		{6888FA85-42D0-408B-BF96-F8CEE3368133}.Release R24|x64.Build.0 = Release|Any CPU
		{6888FA85-42D0-408B-BF96-F8CEE3368133}.Release R24|Any CPU.ActiveCfg = Release R24|Any CPU
		{6888FA85-42D0-408B-BF96-F8CEE3368133}.Release R24|Any CPU.Build.0 = Release R24|Any CPU
		{6888FA85-42D0-408B-BF96-F8CEE3368133}.Release R24|x86.ActiveCfg = Release R24|Any CPU
		{6888FA85-42D0-408B-BF96-F8CEE3368133}.Release R24|x86.Build.0 = Release R24|Any CPU
		{6888FA85-42D0-408B-BF96-F8CEE3368133}.Release R25|x64.ActiveCfg = Release|Any CPU
		{6888FA85-42D0-408B-BF96-F8CEE3368133}.Release R25|x64.Build.0 = Release|Any CPU
		{6888FA85-42D0-408B-BF96-F8CEE3368133}.Release R25|Any CPU.ActiveCfg = Release R25|Any CPU
		{6888FA85-42D0-408B-BF96-F8CEE3368133}.Release R25|Any CPU.Build.0 = Release R25|Any CPU
		{6888FA85-42D0-408B-BF96-F8CEE3368133}.Release R25|x86.ActiveCfg = Release R25|Any CPU
		{6888FA85-42D0-408B-BF96-F8CEE3368133}.Release R25|x86.Build.0 = Release R25|Any CPU
		{6888FA85-42D0-408B-BF96-F8CEE3368133}.Release R26|x64.ActiveCfg = Release|Any CPU
		{6888FA85-42D0-408B-BF96-F8CEE3368133}.Release R26|x64.Build.0 = Release|Any CPU
		{6888FA85-42D0-408B-BF96-F8CEE3368133}.Release R26|Any CPU.ActiveCfg = Release R26|Any CPU
		{6888FA85-42D0-408B-BF96-F8CEE3368133}.Release R26|Any CPU.Build.0 = Release R26|Any CPU
		{6888FA85-42D0-408B-BF96-F8CEE3368133}.Release R26|x86.ActiveCfg = Release R26|Any CPU
		{6888FA85-42D0-408B-BF96-F8CEE3368133}.Release R26|x86.Build.0 = Release R26|Any CPU
		{6888FA85-42D0-408B-BF96-F8CEE3368133}.Debug|x64.ActiveCfg = Debug|Any CPU
		{6888FA85-42D0-408B-BF96-F8CEE3368133}.Debug|x64.Build.0 = Debug|Any CPU
		{6888FA85-42D0-408B-BF96-F8CEE3368133}.Debug|Any CPU.ActiveCfg = Debug|Any CPU
		{6888FA85-42D0-408B-BF96-F8CEE3368133}.Debug|Any CPU.Build.0 = Debug|Any CPU
		{6888FA85-42D0-408B-BF96-F8CEE3368133}.Debug|x86.ActiveCfg = Debug|Any CPU
		{6888FA85-42D0-408B-BF96-F8CEE3368133}.Debug|x86.Build.0 = Debug|Any CPU
		{6888FA85-42D0-408B-BF96-F8CEE3368133}.Release|x64.ActiveCfg = Release|Any CPU
		{6888FA85-42D0-408B-BF96-F8CEE3368133}.Release|x64.Build.0 = Release|Any CPU
		{6888FA85-42D0-408B-BF96-F8CEE3368133}.Release|Any CPU.ActiveCfg = Release|Any CPU
		{6888FA85-42D0-408B-BF96-F8CEE3368133}.Release|Any CPU.Build.0 = Release|Any CPU
		{6888FA85-42D0-408B-BF96-F8CEE3368133}.Release|x86.ActiveCfg = Release|Any CPU
		{6888FA85-42D0-408B-BF96-F8CEE3368133}.Release|x86.Build.0 = Release|Any CPU
		{DD53351A-AD4D-48A0-897F-EA44F84A6A52}.Debug R22|x64.ActiveCfg = Debug R22|Any CPU
		{DD53351A-AD4D-48A0-897F-EA44F84A6A52}.Debug R22|x64.Build.0 = Debug R22|Any CPU
		{DD53351A-AD4D-48A0-897F-EA44F84A6A52}.Debug R22|Any CPU.ActiveCfg = Debug R22|Any CPU
		{DD53351A-AD4D-48A0-897F-EA44F84A6A52}.Debug R22|Any CPU.Build.0 = Debug R22|Any CPU
		{DD53351A-AD4D-48A0-897F-EA44F84A6A52}.Debug R22|x86.ActiveCfg = Debug R22|Any CPU
		{DD53351A-AD4D-48A0-897F-EA44F84A6A52}.Debug R22|x86.Build.0 = Debug R22|Any CPU
		{DD53351A-AD4D-48A0-897F-EA44F84A6A52}.Debug R23|x64.ActiveCfg = Debug R23|Any CPU
		{DD53351A-AD4D-48A0-897F-EA44F84A6A52}.Debug R23|x64.Build.0 = Debug R23|Any CPU
		{DD53351A-AD4D-48A0-897F-EA44F84A6A52}.Debug R23|Any CPU.ActiveCfg = Debug R23|Any CPU
		{DD53351A-AD4D-48A0-897F-EA44F84A6A52}.Debug R23|Any CPU.Build.0 = Debug R23|Any CPU
		{DD53351A-AD4D-48A0-897F-EA44F84A6A52}.Debug R23|x86.ActiveCfg = Debug R23|Any CPU
		{DD53351A-AD4D-48A0-897F-EA44F84A6A52}.Debug R23|x86.Build.0 = Debug R23|Any CPU
		{DD53351A-AD4D-48A0-897F-EA44F84A6A52}.Debug R24|x64.ActiveCfg = Debug R24|Any CPU
		{DD53351A-AD4D-48A0-897F-EA44F84A6A52}.Debug R24|x64.Build.0 = Debug R24|Any CPU
		{DD53351A-AD4D-48A0-897F-EA44F84A6A52}.Debug R24|Any CPU.ActiveCfg = Debug R24|Any CPU
		{DD53351A-AD4D-48A0-897F-EA44F84A6A52}.Debug R24|Any CPU.Build.0 = Debug R24|Any CPU
		{DD53351A-AD4D-48A0-897F-EA44F84A6A52}.Debug R24|x86.ActiveCfg = Debug R24|Any CPU
		{DD53351A-AD4D-48A0-897F-EA44F84A6A52}.Debug R24|x86.Build.0 = Debug R24|Any CPU
		{DD53351A-AD4D-48A0-897F-EA44F84A6A52}.Debug R25|x64.ActiveCfg = Debug R25|Any CPU
		{DD53351A-AD4D-48A0-897F-EA44F84A6A52}.Debug R25|x64.Build.0 = Debug R25|Any CPU
		{DD53351A-AD4D-48A0-897F-EA44F84A6A52}.Debug R25|Any CPU.ActiveCfg = Debug R25|Any CPU
		{DD53351A-AD4D-48A0-897F-EA44F84A6A52}.Debug R25|Any CPU.Build.0 = Debug R25|Any CPU
		{DD53351A-AD4D-48A0-897F-EA44F84A6A52}.Debug R25|x86.ActiveCfg = Debug R25|Any CPU
		{DD53351A-AD4D-48A0-897F-EA44F84A6A52}.Debug R25|x86.Build.0 = Debug R25|Any CPU
		{DD53351A-AD4D-48A0-897F-EA44F84A6A52}.Debug R26|x64.ActiveCfg = Debug R26|Any CPU
		{DD53351A-AD4D-48A0-897F-EA44F84A6A52}.Debug R26|x64.Build.0 = Debug R26|Any CPU
		{DD53351A-AD4D-48A0-897F-EA44F84A6A52}.Debug R26|Any CPU.ActiveCfg = Debug R26|Any CPU
		{DD53351A-AD4D-48A0-897F-EA44F84A6A52}.Debug R26|Any CPU.Build.0 = Debug R26|Any CPU
		{DD53351A-AD4D-48A0-897F-EA44F84A6A52}.Debug R26|x86.ActiveCfg = Debug R26|Any CPU
		{DD53351A-AD4D-48A0-897F-EA44F84A6A52}.Debug R26|x86.Build.0 = Debug R26|Any CPU
		{DD53351A-AD4D-48A0-897F-EA44F84A6A52}.Release R22|x64.ActiveCfg = Release R22|Any CPU
		{DD53351A-AD4D-48A0-897F-EA44F84A6A52}.Release R22|x64.Build.0 = Release R22|Any CPU
		{DD53351A-AD4D-48A0-897F-EA44F84A6A52}.Release R22|Any CPU.ActiveCfg = Release R22|Any CPU
		{DD53351A-AD4D-48A0-897F-EA44F84A6A52}.Release R22|Any CPU.Build.0 = Release R22|Any CPU
		{DD53351A-AD4D-48A0-897F-EA44F84A6A52}.Release R22|x86.ActiveCfg = Release R22|Any CPU
		{DD53351A-AD4D-48A0-897F-EA44F84A6A52}.Release R22|x86.Build.0 = Release R22|Any CPU
		{DD53351A-AD4D-48A0-897F-EA44F84A6A52}.Release R23|x64.ActiveCfg = Release R23|Any CPU
		{DD53351A-AD4D-48A0-897F-EA44F84A6A52}.Release R23|x64.Build.0 = Release R23|Any CPU
		{DD53351A-AD4D-48A0-897F-EA44F84A6A52}.Release R23|Any CPU.ActiveCfg = Release R23|Any CPU
		{DD53351A-AD4D-48A0-897F-EA44F84A6A52}.Release R23|Any CPU.Build.0 = Release R23|Any CPU
		{DD53351A-AD4D-48A0-897F-EA44F84A6A52}.Release R23|x86.ActiveCfg = Release R23|Any CPU
		{DD53351A-AD4D-48A0-897F-EA44F84A6A52}.Release R23|x86.Build.0 = Release R23|Any CPU
		{DD53351A-AD4D-48A0-897F-EA44F84A6A52}.Release R24|x64.ActiveCfg = Release R24|Any CPU
		{DD53351A-AD4D-48A0-897F-EA44F84A6A52}.Release R24|x64.Build.0 = Release R24|Any CPU
		{DD53351A-AD4D-48A0-897F-EA44F84A6A52}.Release R24|Any CPU.ActiveCfg = Release R24|Any CPU
		{DD53351A-AD4D-48A0-897F-EA44F84A6A52}.Release R24|Any CPU.Build.0 = Release R24|Any CPU
		{DD53351A-AD4D-48A0-897F-EA44F84A6A52}.Release R24|x86.ActiveCfg = Release R24|Any CPU
		{DD53351A-AD4D-48A0-897F-EA44F84A6A52}.Release R24|x86.Build.0 = Release R24|Any CPU
		{DD53351A-AD4D-48A0-897F-EA44F84A6A52}.Release R25|x64.ActiveCfg = Release R25|Any CPU
		{DD53351A-AD4D-48A0-897F-EA44F84A6A52}.Release R25|x64.Build.0 = Release R25|Any CPU
		{DD53351A-AD4D-48A0-897F-EA44F84A6A52}.Release R25|Any CPU.ActiveCfg = Release R25|Any CPU
		{DD53351A-AD4D-48A0-897F-EA44F84A6A52}.Release R25|Any CPU.Build.0 = Release R25|Any CPU
		{DD53351A-AD4D-48A0-897F-EA44F84A6A52}.Release R25|x86.ActiveCfg = Release R25|Any CPU
		{DD53351A-AD4D-48A0-897F-EA44F84A6A52}.Release R25|x86.Build.0 = Release R25|Any CPU
		{DD53351A-AD4D-48A0-897F-EA44F84A6A52}.Release R26|x64.ActiveCfg = Release R26|Any CPU
		{DD53351A-AD4D-48A0-897F-EA44F84A6A52}.Release R26|x64.Build.0 = Release R26|Any CPU
		{DD53351A-AD4D-48A0-897F-EA44F84A6A52}.Release R26|Any CPU.ActiveCfg = Release R26|Any CPU
		{DD53351A-AD4D-48A0-897F-EA44F84A6A52}.Release R26|Any CPU.Build.0 = Release R26|Any CPU
		{DD53351A-AD4D-48A0-897F-EA44F84A6A52}.Release R26|x86.ActiveCfg = Release R26|Any CPU
		{DD53351A-AD4D-48A0-897F-EA44F84A6A52}.Release R26|x86.Build.0 = Release R26|Any CPU
		{DD53351A-AD4D-48A0-897F-EA44F84A6A52}.Debug|x64.ActiveCfg = Debug|Any CPU
		{DD53351A-AD4D-48A0-897F-EA44F84A6A52}.Debug|x64.Build.0 = Debug|Any CPU
		{DD53351A-AD4D-48A0-897F-EA44F84A6A52}.Debug|Any CPU.ActiveCfg = Debug|Any CPU
		{DD53351A-AD4D-48A0-897F-EA44F84A6A52}.Debug|Any CPU.Build.0 = Debug|Any CPU
		{DD53351A-AD4D-48A0-897F-EA44F84A6A52}.Debug|x86.ActiveCfg = Debug|Any CPU
		{DD53351A-AD4D-48A0-897F-EA44F84A6A52}.Debug|x86.Build.0 = Debug|Any CPU
		{DD53351A-AD4D-48A0-897F-EA44F84A6A52}.Release|x64.ActiveCfg = Release|Any CPU
		{DD53351A-AD4D-48A0-897F-EA44F84A6A52}.Release|x64.Build.0 = Release|Any CPU
		{DD53351A-AD4D-48A0-897F-EA44F84A6A52}.Release|Any CPU.ActiveCfg = Release|Any CPU
		{DD53351A-AD4D-48A0-897F-EA44F84A6A52}.Release|Any CPU.Build.0 = Release|Any CPU
		{DD53351A-AD4D-48A0-897F-EA44F84A6A52}.Release|x86.ActiveCfg = Release|Any CPU
		{DD53351A-AD4D-48A0-897F-EA44F84A6A52}.Release|x86.Build.0 = Release|Any CPU
		{33C90C02-CA4E-4C48-B60D-D8F0EB44A8EB}.Debug R22|x64.ActiveCfg = Debug R22|Any CPU
		{33C90C02-CA4E-4C48-B60D-D8F0EB44A8EB}.Debug R22|x64.Build.0 = Debug R22|Any CPU
		{33C90C02-CA4E-4C48-B60D-D8F0EB44A8EB}.Debug R22|Any CPU.ActiveCfg = Debug R22|Any CPU
		{33C90C02-CA4E-4C48-B60D-D8F0EB44A8EB}.Debug R22|Any CPU.Build.0 = Debug R22|Any CPU
		{33C90C02-CA4E-4C48-B60D-D8F0EB44A8EB}.Debug R22|x86.ActiveCfg = Debug R22|Any CPU
		{33C90C02-CA4E-4C48-B60D-D8F0EB44A8EB}.Debug R22|x86.Build.0 = Debug R22|Any CPU
		{33C90C02-CA4E-4C48-B60D-D8F0EB44A8EB}.Debug R23|x64.ActiveCfg = Debug R23|Any CPU
		{33C90C02-CA4E-4C48-B60D-D8F0EB44A8EB}.Debug R23|x64.Build.0 = Debug R23|Any CPU
		{33C90C02-CA4E-4C48-B60D-D8F0EB44A8EB}.Debug R23|Any CPU.ActiveCfg = Debug R23|Any CPU
		{33C90C02-CA4E-4C48-B60D-D8F0EB44A8EB}.Debug R23|Any CPU.Build.0 = Debug R23|Any CPU
		{33C90C02-CA4E-4C48-B60D-D8F0EB44A8EB}.Debug R23|x86.ActiveCfg = Debug R23|Any CPU
		{33C90C02-CA4E-4C48-B60D-D8F0EB44A8EB}.Debug R23|x86.Build.0 = Debug R23|Any CPU
		{33C90C02-CA4E-4C48-B60D-D8F0EB44A8EB}.Debug R24|x64.ActiveCfg = Debug R24|Any CPU
		{33C90C02-CA4E-4C48-B60D-D8F0EB44A8EB}.Debug R24|x64.Build.0 = Debug R24|Any CPU
		{33C90C02-CA4E-4C48-B60D-D8F0EB44A8EB}.Debug R24|Any CPU.ActiveCfg = Debug R24|Any CPU
		{33C90C02-CA4E-4C48-B60D-D8F0EB44A8EB}.Debug R24|Any CPU.Build.0 = Debug R24|Any CPU
		{33C90C02-CA4E-4C48-B60D-D8F0EB44A8EB}.Debug R24|x86.ActiveCfg = Debug R24|Any CPU
		{33C90C02-CA4E-4C48-B60D-D8F0EB44A8EB}.Debug R24|x86.Build.0 = Debug R24|Any CPU
		{33C90C02-CA4E-4C48-B60D-D8F0EB44A8EB}.Debug R25|x64.ActiveCfg = Debug R25|Any CPU
		{33C90C02-CA4E-4C48-B60D-D8F0EB44A8EB}.Debug R25|x64.Build.0 = Debug R25|Any CPU
		{33C90C02-CA4E-4C48-B60D-D8F0EB44A8EB}.Debug R25|Any CPU.ActiveCfg = Debug R25|Any CPU
		{33C90C02-CA4E-4C48-B60D-D8F0EB44A8EB}.Debug R25|Any CPU.Build.0 = Debug R25|Any CPU
		{33C90C02-CA4E-4C48-B60D-D8F0EB44A8EB}.Debug R25|x86.ActiveCfg = Debug R25|Any CPU
		{33C90C02-CA4E-4C48-B60D-D8F0EB44A8EB}.Debug R25|x86.Build.0 = Debug R25|Any CPU
		{33C90C02-CA4E-4C48-B60D-D8F0EB44A8EB}.Debug R26|x64.ActiveCfg = Debug R26|Any CPU
		{33C90C02-CA4E-4C48-B60D-D8F0EB44A8EB}.Debug R26|x64.Build.0 = Debug R26|Any CPU
		{33C90C02-CA4E-4C48-B60D-D8F0EB44A8EB}.Debug R26|Any CPU.ActiveCfg = Debug R26|Any CPU
		{33C90C02-CA4E-4C48-B60D-D8F0EB44A8EB}.Debug R26|Any CPU.Build.0 = Debug R26|Any CPU
		{33C90C02-CA4E-4C48-B60D-D8F0EB44A8EB}.Debug R26|x86.ActiveCfg = Debug R26|Any CPU
		{33C90C02-CA4E-4C48-B60D-D8F0EB44A8EB}.Debug R26|x86.Build.0 = Debug R26|Any CPU
		{33C90C02-CA4E-4C48-B60D-D8F0EB44A8EB}.Release R22|x64.ActiveCfg = Release R22|Any CPU
		{33C90C02-CA4E-4C48-B60D-D8F0EB44A8EB}.Release R22|x64.Build.0 = Release R22|Any CPU
		{33C90C02-CA4E-4C48-B60D-D8F0EB44A8EB}.Release R22|Any CPU.ActiveCfg = Release R22|Any CPU
		{33C90C02-CA4E-4C48-B60D-D8F0EB44A8EB}.Release R22|Any CPU.Build.0 = Release R22|Any CPU
		{33C90C02-CA4E-4C48-B60D-D8F0EB44A8EB}.Release R22|x86.ActiveCfg = Release R22|Any CPU
		{33C90C02-CA4E-4C48-B60D-D8F0EB44A8EB}.Release R22|x86.Build.0 = Release R22|Any CPU
		{33C90C02-CA4E-4C48-B60D-D8F0EB44A8EB}.Release R23|x64.ActiveCfg = Release R23|Any CPU
		{33C90C02-CA4E-4C48-B60D-D8F0EB44A8EB}.Release R23|x64.Build.0 = Release R23|Any CPU
		{33C90C02-CA4E-4C48-B60D-D8F0EB44A8EB}.Release R23|Any CPU.ActiveCfg = Release R23|Any CPU
		{33C90C02-CA4E-4C48-B60D-D8F0EB44A8EB}.Release R23|Any CPU.Build.0 = Release R23|Any CPU
		{33C90C02-CA4E-4C48-B60D-D8F0EB44A8EB}.Release R23|x86.ActiveCfg = Release R23|Any CPU
		{33C90C02-CA4E-4C48-B60D-D8F0EB44A8EB}.Release R23|x86.Build.0 = Release R23|Any CPU
		{33C90C02-CA4E-4C48-B60D-D8F0EB44A8EB}.Release R24|x64.ActiveCfg = Release R24|Any CPU
		{33C90C02-CA4E-4C48-B60D-D8F0EB44A8EB}.Release R24|x64.Build.0 = Release R24|Any CPU
		{33C90C02-CA4E-4C48-B60D-D8F0EB44A8EB}.Release R24|Any CPU.ActiveCfg = Release R24|Any CPU
		{33C90C02-CA4E-4C48-B60D-D8F0EB44A8EB}.Release R24|Any CPU.Build.0 = Release R24|Any CPU
		{33C90C02-CA4E-4C48-B60D-D8F0EB44A8EB}.Release R24|x86.ActiveCfg = Release R24|Any CPU
		{33C90C02-CA4E-4C48-B60D-D8F0EB44A8EB}.Release R24|x86.Build.0 = Release R24|Any CPU
		{33C90C02-CA4E-4C48-B60D-D8F0EB44A8EB}.Release R25|x64.ActiveCfg = Release R25|Any CPU
		{33C90C02-CA4E-4C48-B60D-D8F0EB44A8EB}.Release R25|x64.Build.0 = Release R25|Any CPU
		{33C90C02-CA4E-4C48-B60D-D8F0EB44A8EB}.Release R25|Any CPU.ActiveCfg = Release R25|Any CPU
		{33C90C02-CA4E-4C48-B60D-D8F0EB44A8EB}.Release R25|Any CPU.Build.0 = Release R25|Any CPU
		{33C90C02-CA4E-4C48-B60D-D8F0EB44A8EB}.Release R25|x86.ActiveCfg = Release R25|Any CPU
		{33C90C02-CA4E-4C48-B60D-D8F0EB44A8EB}.Release R25|x86.Build.0 = Release R25|Any CPU
		{33C90C02-CA4E-4C48-B60D-D8F0EB44A8EB}.Release R26|x64.ActiveCfg = Release R26|Any CPU
		{33C90C02-CA4E-4C48-B60D-D8F0EB44A8EB}.Release R26|x64.Build.0 = Release R26|Any CPU
		{33C90C02-CA4E-4C48-B60D-D8F0EB44A8EB}.Release R26|Any CPU.ActiveCfg = Release R26|Any CPU
		{33C90C02-CA4E-4C48-B60D-D8F0EB44A8EB}.Release R26|Any CPU.Build.0 = Release R26|Any CPU
		{33C90C02-CA4E-4C48-B60D-D8F0EB44A8EB}.Release R26|x86.ActiveCfg = Release R26|Any CPU
		{33C90C02-CA4E-4C48-B60D-D8F0EB44A8EB}.Release R26|x86.Build.0 = Release R26|Any CPU
		{33C90C02-CA4E-4C48-B60D-D8F0EB44A8EB}.Debug|x64.ActiveCfg = Debug|Any CPU
		{33C90C02-CA4E-4C48-B60D-D8F0EB44A8EB}.Debug|x64.Build.0 = Debug|Any CPU
		{33C90C02-CA4E-4C48-B60D-D8F0EB44A8EB}.Debug|Any CPU.ActiveCfg = Debug|Any CPU
		{33C90C02-CA4E-4C48-B60D-D8F0EB44A8EB}.Debug|Any CPU.Build.0 = Debug|Any CPU
		{33C90C02-CA4E-4C48-B60D-D8F0EB44A8EB}.Debug|x86.ActiveCfg = Debug|Any CPU
		{33C90C02-CA4E-4C48-B60D-D8F0EB44A8EB}.Debug|x86.Build.0 = Debug|Any CPU
		{33C90C02-CA4E-4C48-B60D-D8F0EB44A8EB}.Release|x64.ActiveCfg = Release|Any CPU
		{33C90C02-CA4E-4C48-B60D-D8F0EB44A8EB}.Release|x64.Build.0 = Release|Any CPU
		{33C90C02-CA4E-4C48-B60D-D8F0EB44A8EB}.Release|Any CPU.ActiveCfg = Release|Any CPU
		{33C90C02-CA4E-4C48-B60D-D8F0EB44A8EB}.Release|Any CPU.Build.0 = Release|Any CPU
		{33C90C02-CA4E-4C48-B60D-D8F0EB44A8EB}.Release|x86.ActiveCfg = Release|Any CPU
		{33C90C02-CA4E-4C48-B60D-D8F0EB44A8EB}.Release|x86.Build.0 = Release|Any CPU
		{7366EE36-0B1D-4E55-A444-7E3C77866DAF}.Debug R22|x64.ActiveCfg = Debug R22|Any CPU
		{7366EE36-0B1D-4E55-A444-7E3C77866DAF}.Debug R22|x64.Build.0 = Debug R22|Any CPU
		{7366EE36-0B1D-4E55-A444-7E3C77866DAF}.Debug R22|Any CPU.ActiveCfg = Debug R22|Any CPU
		{7366EE36-0B1D-4E55-A444-7E3C77866DAF}.Debug R22|Any CPU.Build.0 = Debug R22|Any CPU
		{7366EE36-0B1D-4E55-A444-7E3C77866DAF}.Debug R22|x86.ActiveCfg = Debug R22|Any CPU
		{7366EE36-0B1D-4E55-A444-7E3C77866DAF}.Debug R22|x86.Build.0 = Debug R22|Any CPU
		{7366EE36-0B1D-4E55-A444-7E3C77866DAF}.Debug R23|x64.ActiveCfg = Debug R23|Any CPU
		{7366EE36-0B1D-4E55-A444-7E3C77866DAF}.Debug R23|x64.Build.0 = Debug R23|Any CPU
		{7366EE36-0B1D-4E55-A444-7E3C77866DAF}.Debug R23|Any CPU.ActiveCfg = Debug R23|Any CPU
		{7366EE36-0B1D-4E55-A444-7E3C77866DAF}.Debug R23|Any CPU.Build.0 = Debug R23|Any CPU
		{7366EE36-0B1D-4E55-A444-7E3C77866DAF}.Debug R23|x86.ActiveCfg = Debug R23|Any CPU
		{7366EE36-0B1D-4E55-A444-7E3C77866DAF}.Debug R23|x86.Build.0 = Debug R23|Any CPU
		{7366EE36-0B1D-4E55-A444-7E3C77866DAF}.Debug R24|x64.ActiveCfg = Debug R24|Any CPU
		{7366EE36-0B1D-4E55-A444-7E3C77866DAF}.Debug R24|x64.Build.0 = Debug R24|Any CPU
		{7366EE36-0B1D-4E55-A444-7E3C77866DAF}.Debug R24|Any CPU.ActiveCfg = Debug R24|Any CPU
		{7366EE36-0B1D-4E55-A444-7E3C77866DAF}.Debug R24|Any CPU.Build.0 = Debug R24|Any CPU
		{7366EE36-0B1D-4E55-A444-7E3C77866DAF}.Debug R24|x86.ActiveCfg = Debug R24|Any CPU
		{7366EE36-0B1D-4E55-A444-7E3C77866DAF}.Debug R24|x86.Build.0 = Debug R24|Any CPU
		{7366EE36-0B1D-4E55-A444-7E3C77866DAF}.Debug R25|x64.ActiveCfg = Debug R25|Any CPU
		{7366EE36-0B1D-4E55-A444-7E3C77866DAF}.Debug R25|x64.Build.0 = Debug R25|Any CPU
		{7366EE36-0B1D-4E55-A444-7E3C77866DAF}.Debug R25|Any CPU.ActiveCfg = Debug R25|Any CPU
		{7366EE36-0B1D-4E55-A444-7E3C77866DAF}.Debug R25|Any CPU.Build.0 = Debug R25|Any CPU
		{7366EE36-0B1D-4E55-A444-7E3C77866DAF}.Debug R25|x86.ActiveCfg = Debug R25|Any CPU
		{7366EE36-0B1D-4E55-A444-7E3C77866DAF}.Debug R25|x86.Build.0 = Debug R25|Any CPU
		{7366EE36-0B1D-4E55-A444-7E3C77866DAF}.Debug R26|x64.ActiveCfg = Debug R26|Any CPU
		{7366EE36-0B1D-4E55-A444-7E3C77866DAF}.Debug R26|x64.Build.0 = Debug R26|Any CPU
		{7366EE36-0B1D-4E55-A444-7E3C77866DAF}.Debug R26|Any CPU.ActiveCfg = Debug R26|Any CPU
		{7366EE36-0B1D-4E55-A444-7E3C77866DAF}.Debug R26|Any CPU.Build.0 = Debug R26|Any CPU
		{7366EE36-0B1D-4E55-A444-7E3C77866DAF}.Debug R26|x86.ActiveCfg = Debug R26|Any CPU
		{7366EE36-0B1D-4E55-A444-7E3C77866DAF}.Debug R26|x86.Build.0 = Debug R26|Any CPU
		{7366EE36-0B1D-4E55-A444-7E3C77866DAF}.Release R22|x64.ActiveCfg = Release R22|Any CPU
		{7366EE36-0B1D-4E55-A444-7E3C77866DAF}.Release R22|x64.Build.0 = Release R22|Any CPU
		{7366EE36-0B1D-4E55-A444-7E3C77866DAF}.Release R22|Any CPU.ActiveCfg = Release R22|Any CPU
		{7366EE36-0B1D-4E55-A444-7E3C77866DAF}.Release R22|Any CPU.Build.0 = Release R22|Any CPU
		{7366EE36-0B1D-4E55-A444-7E3C77866DAF}.Release R22|x86.ActiveCfg = Release R22|Any CPU
		{7366EE36-0B1D-4E55-A444-7E3C77866DAF}.Release R22|x86.Build.0 = Release R22|Any CPU
		{7366EE36-0B1D-4E55-A444-7E3C77866DAF}.Release R23|x64.ActiveCfg = Release R23|Any CPU
		{7366EE36-0B1D-4E55-A444-7E3C77866DAF}.Release R23|x64.Build.0 = Release R23|Any CPU
		{7366EE36-0B1D-4E55-A444-7E3C77866DAF}.Release R23|Any CPU.ActiveCfg = Release R23|Any CPU
		{7366EE36-0B1D-4E55-A444-7E3C77866DAF}.Release R23|Any CPU.Build.0 = Release R23|Any CPU
		{7366EE36-0B1D-4E55-A444-7E3C77866DAF}.Release R23|x86.ActiveCfg = Release R23|Any CPU
		{7366EE36-0B1D-4E55-A444-7E3C77866DAF}.Release R23|x86.Build.0 = Release R23|Any CPU
		{7366EE36-0B1D-4E55-A444-7E3C77866DAF}.Release R24|x64.ActiveCfg = Release R24|Any CPU
		{7366EE36-0B1D-4E55-A444-7E3C77866DAF}.Release R24|x64.Build.0 = Release R24|Any CPU
		{7366EE36-0B1D-4E55-A444-7E3C77866DAF}.Release R24|Any CPU.ActiveCfg = Release R24|Any CPU
		{7366EE36-0B1D-4E55-A444-7E3C77866DAF}.Release R24|Any CPU.Build.0 = Release R24|Any CPU
		{7366EE36-0B1D-4E55-A444-7E3C77866DAF}.Release R24|x86.ActiveCfg = Release R24|Any CPU
		{7366EE36-0B1D-4E55-A444-7E3C77866DAF}.Release R24|x86.Build.0 = Release R24|Any CPU
		{7366EE36-0B1D-4E55-A444-7E3C77866DAF}.Release R25|x64.ActiveCfg = Release R25|Any CPU
		{7366EE36-0B1D-4E55-A444-7E3C77866DAF}.Release R25|x64.Build.0 = Release R25|Any CPU
		{7366EE36-0B1D-4E55-A444-7E3C77866DAF}.Release R25|Any CPU.ActiveCfg = Release R25|Any CPU
		{7366EE36-0B1D-4E55-A444-7E3C77866DAF}.Release R25|Any CPU.Build.0 = Release R25|Any CPU
		{7366EE36-0B1D-4E55-A444-7E3C77866DAF}.Release R25|x86.ActiveCfg = Release R25|Any CPU
		{7366EE36-0B1D-4E55-A444-7E3C77866DAF}.Release R25|x86.Build.0 = Release R25|Any CPU
		{7366EE36-0B1D-4E55-A444-7E3C77866DAF}.Release R26|x64.ActiveCfg = Release R26|Any CPU
		{7366EE36-0B1D-4E55-A444-7E3C77866DAF}.Release R26|x64.Build.0 = Release R26|Any CPU
		{7366EE36-0B1D-4E55-A444-7E3C77866DAF}.Release R26|Any CPU.ActiveCfg = Release R26|Any CPU
		{7366EE36-0B1D-4E55-A444-7E3C77866DAF}.Release R26|Any CPU.Build.0 = Release R26|Any CPU
		{7366EE36-0B1D-4E55-A444-7E3C77866DAF}.Release R26|x86.ActiveCfg = Release R26|Any CPU
		{7366EE36-0B1D-4E55-A444-7E3C77866DAF}.Release R26|x86.Build.0 = Release R26|Any CPU
		{7366EE36-0B1D-4E55-A444-7E3C77866DAF}.Debug|x64.ActiveCfg = Debug|Any CPU
		{7366EE36-0B1D-4E55-A444-7E3C77866DAF}.Debug|x64.Build.0 = Debug|Any CPU
		{7366EE36-0B1D-4E55-A444-7E3C77866DAF}.Debug|Any CPU.ActiveCfg = Debug|Any CPU
		{7366EE36-0B1D-4E55-A444-7E3C77866DAF}.Debug|Any CPU.Build.0 = Debug|Any CPU
		{7366EE36-0B1D-4E55-A444-7E3C77866DAF}.Debug|x86.ActiveCfg = Debug|Any CPU
		{7366EE36-0B1D-4E55-A444-7E3C77866DAF}.Debug|x86.Build.0 = Debug|Any CPU
		{7366EE36-0B1D-4E55-A444-7E3C77866DAF}.Release|x64.ActiveCfg = Release|Any CPU
		{7366EE36-0B1D-4E55-A444-7E3C77866DAF}.Release|x64.Build.0 = Release|Any CPU
		{7366EE36-0B1D-4E55-A444-7E3C77866DAF}.Release|Any CPU.ActiveCfg = Release|Any CPU
		{7366EE36-0B1D-4E55-A444-7E3C77866DAF}.Release|Any CPU.Build.0 = Release|Any CPU
		{7366EE36-0B1D-4E55-A444-7E3C77866DAF}.Release|x86.ActiveCfg = Release|Any CPU
		{7366EE36-0B1D-4E55-A444-7E3C77866DAF}.Release|x86.Build.0 = Release|Any CPU
		{4774219E-D54B-4740-8CA9-C7B653243F38}.Debug R22|x64.ActiveCfg = Debug|Any CPU
		{4774219E-D54B-4740-8CA9-C7B653243F38}.Debug R22|x64.Build.0 = Debug|Any CPU
		{4774219E-D54B-4740-8CA9-C7B653243F38}.Debug R22|Any CPU.ActiveCfg = Debug R22|Any CPU
		{4774219E-D54B-4740-8CA9-C7B653243F38}.Debug R22|Any CPU.Build.0 = Debug R22|Any CPU
		{4774219E-D54B-4740-8CA9-C7B653243F38}.Debug R22|x86.ActiveCfg = Debug R22|Any CPU
		{4774219E-D54B-4740-8CA9-C7B653243F38}.Debug R22|x86.Build.0 = Debug R22|Any CPU
		{4774219E-D54B-4740-8CA9-C7B653243F38}.Debug R23|x64.ActiveCfg = Debug|Any CPU
		{4774219E-D54B-4740-8CA9-C7B653243F38}.Debug R23|x64.Build.0 = Debug|Any CPU
		{4774219E-D54B-4740-8CA9-C7B653243F38}.Debug R23|Any CPU.ActiveCfg = Debug R23|Any CPU
		{4774219E-D54B-4740-8CA9-C7B653243F38}.Debug R23|Any CPU.Build.0 = Debug R23|Any CPU
		{4774219E-D54B-4740-8CA9-C7B653243F38}.Debug R23|x86.ActiveCfg = Debug R23|Any CPU
		{4774219E-D54B-4740-8CA9-C7B653243F38}.Debug R23|x86.Build.0 = Debug R23|Any CPU
		{4774219E-D54B-4740-8CA9-C7B653243F38}.Debug R24|x64.ActiveCfg = Debug|Any CPU
		{4774219E-D54B-4740-8CA9-C7B653243F38}.Debug R24|x64.Build.0 = Debug|Any CPU
		{4774219E-D54B-4740-8CA9-C7B653243F38}.Debug R24|Any CPU.ActiveCfg = Debug R24|Any CPU
		{4774219E-D54B-4740-8CA9-C7B653243F38}.Debug R24|Any CPU.Build.0 = Debug R24|Any CPU
		{4774219E-D54B-4740-8CA9-C7B653243F38}.Debug R24|x86.ActiveCfg = Debug R24|Any CPU
		{4774219E-D54B-4740-8CA9-C7B653243F38}.Debug R24|x86.Build.0 = Debug R24|Any CPU
		{4774219E-D54B-4740-8CA9-C7B653243F38}.Debug R25|x64.ActiveCfg = Debug|Any CPU
		{4774219E-D54B-4740-8CA9-C7B653243F38}.Debug R25|x64.Build.0 = Debug|Any CPU
		{4774219E-D54B-4740-8CA9-C7B653243F38}.Debug R25|Any CPU.ActiveCfg = Debug R25|Any CPU
		{4774219E-D54B-4740-8CA9-C7B653243F38}.Debug R25|Any CPU.Build.0 = Debug R25|Any CPU
		{4774219E-D54B-4740-8CA9-C7B653243F38}.Debug R25|x86.ActiveCfg = Debug R25|Any CPU
		{4774219E-D54B-4740-8CA9-C7B653243F38}.Debug R25|x86.Build.0 = Debug R25|Any CPU
		{4774219E-D54B-4740-8CA9-C7B653243F38}.Debug R26|x64.ActiveCfg = Debug|Any CPU
		{4774219E-D54B-4740-8CA9-C7B653243F38}.Debug R26|x64.Build.0 = Debug|Any CPU
		{4774219E-D54B-4740-8CA9-C7B653243F38}.Debug R26|Any CPU.ActiveCfg = Debug R26|Any CPU
		{4774219E-D54B-4740-8CA9-C7B653243F38}.Debug R26|Any CPU.Build.0 = Debug R26|Any CPU
		{4774219E-D54B-4740-8CA9-C7B653243F38}.Debug R26|x86.ActiveCfg = Debug R26|Any CPU
		{4774219E-D54B-4740-8CA9-C7B653243F38}.Debug R26|x86.Build.0 = Debug R26|Any CPU
		{4774219E-D54B-4740-8CA9-C7B653243F38}.Release R22|x64.ActiveCfg = Release|Any CPU
		{4774219E-D54B-4740-8CA9-C7B653243F38}.Release R22|x64.Build.0 = Release|Any CPU
		{4774219E-D54B-4740-8CA9-C7B653243F38}.Release R22|Any CPU.ActiveCfg = Release R22|Any CPU
		{4774219E-D54B-4740-8CA9-C7B653243F38}.Release R22|Any CPU.Build.0 = Release R22|Any CPU
		{4774219E-D54B-4740-8CA9-C7B653243F38}.Release R22|x86.ActiveCfg = Release R22|Any CPU
		{4774219E-D54B-4740-8CA9-C7B653243F38}.Release R22|x86.Build.0 = Release R22|Any CPU
		{4774219E-D54B-4740-8CA9-C7B653243F38}.Release R23|x64.ActiveCfg = Release|Any CPU
		{4774219E-D54B-4740-8CA9-C7B653243F38}.Release R23|x64.Build.0 = Release|Any CPU
		{4774219E-D54B-4740-8CA9-C7B653243F38}.Release R23|Any CPU.ActiveCfg = Release R23|Any CPU
		{4774219E-D54B-4740-8CA9-C7B653243F38}.Release R23|Any CPU.Build.0 = Release R23|Any CPU
		{4774219E-D54B-4740-8CA9-C7B653243F38}.Release R23|x86.ActiveCfg = Release R23|Any CPU
		{4774219E-D54B-4740-8CA9-C7B653243F38}.Release R23|x86.Build.0 = Release R23|Any CPU
		{4774219E-D54B-4740-8CA9-C7B653243F38}.Release R24|x64.ActiveCfg = Release|Any CPU
		{4774219E-D54B-4740-8CA9-C7B653243F38}.Release R24|x64.Build.0 = Release|Any CPU
		{4774219E-D54B-4740-8CA9-C7B653243F38}.Release R24|Any CPU.ActiveCfg = Release R24|Any CPU
		{4774219E-D54B-4740-8CA9-C7B653243F38}.Release R24|Any CPU.Build.0 = Release R24|Any CPU
		{4774219E-D54B-4740-8CA9-C7B653243F38}.Release R24|x86.ActiveCfg = Release R24|Any CPU
		{4774219E-D54B-4740-8CA9-C7B653243F38}.Release R24|x86.Build.0 = Release R24|Any CPU
		{4774219E-D54B-4740-8CA9-C7B653243F38}.Release R25|x64.ActiveCfg = Release|Any CPU
		{4774219E-D54B-4740-8CA9-C7B653243F38}.Release R25|x64.Build.0 = Release|Any CPU
		{4774219E-D54B-4740-8CA9-C7B653243F38}.Release R25|Any CPU.ActiveCfg = Release R25|Any CPU
		{4774219E-D54B-4740-8CA9-C7B653243F38}.Release R25|Any CPU.Build.0 = Release R25|Any CPU
		{4774219E-D54B-4740-8CA9-C7B653243F38}.Release R25|x86.ActiveCfg = Release R25|Any CPU
		{4774219E-D54B-4740-8CA9-C7B653243F38}.Release R25|x86.Build.0 = Release R25|Any CPU
		{4774219E-D54B-4740-8CA9-C7B653243F38}.Release R26|x64.ActiveCfg = Release|Any CPU
		{4774219E-D54B-4740-8CA9-C7B653243F38}.Release R26|x64.Build.0 = Release|Any CPU
		{4774219E-D54B-4740-8CA9-C7B653243F38}.Release R26|Any CPU.ActiveCfg = Release R26|Any CPU
		{4774219E-D54B-4740-8CA9-C7B653243F38}.Release R26|Any CPU.Build.0 = Release R26|Any CPU
		{4774219E-D54B-4740-8CA9-C7B653243F38}.Release R26|x86.ActiveCfg = Release R26|Any CPU
		{4774219E-D54B-4740-8CA9-C7B653243F38}.Release R26|x86.Build.0 = Release R26|Any CPU
		{4774219E-D54B-4740-8CA9-C7B653243F38}.Debug|x64.ActiveCfg = Debug|Any CPU
		{4774219E-D54B-4740-8CA9-C7B653243F38}.Debug|x64.Build.0 = Debug|Any CPU
		{4774219E-D54B-4740-8CA9-C7B653243F38}.Debug|Any CPU.ActiveCfg = Debug|Any CPU
		{4774219E-D54B-4740-8CA9-C7B653243F38}.Debug|Any CPU.Build.0 = Debug|Any CPU
		{4774219E-D54B-4740-8CA9-C7B653243F38}.Debug|x86.ActiveCfg = Debug|Any CPU
		{4774219E-D54B-4740-8CA9-C7B653243F38}.Debug|x86.Build.0 = Debug|Any CPU
		{4774219E-D54B-4740-8CA9-C7B653243F38}.Release|x64.ActiveCfg = Release|Any CPU
		{4774219E-D54B-4740-8CA9-C7B653243F38}.Release|x64.Build.0 = Release|Any CPU
		{4774219E-D54B-4740-8CA9-C7B653243F38}.Release|Any CPU.ActiveCfg = Release|Any CPU
		{4774219E-D54B-4740-8CA9-C7B653243F38}.Release|Any CPU.Build.0 = Release|Any CPU
		{4774219E-D54B-4740-8CA9-C7B653243F38}.Release|x86.ActiveCfg = Release|Any CPU
		{4774219E-D54B-4740-8CA9-C7B653243F38}.Release|x86.Build.0 = Release|Any CPU
		{CAB1E6AA-974C-4A41-AF01-4D39CA3B9FFC}.Debug R22|x64.ActiveCfg = Debug R22|Any CPU
		{CAB1E6AA-974C-4A41-AF01-4D39CA3B9FFC}.Debug R22|x64.Build.0 = Debug R22|Any CPU
		{CAB1E6AA-974C-4A41-AF01-4D39CA3B9FFC}.Debug R22|Any CPU.ActiveCfg = Debug R22|Any CPU
		{CAB1E6AA-974C-4A41-AF01-4D39CA3B9FFC}.Debug R22|Any CPU.Build.0 = Debug R22|Any CPU
		{CAB1E6AA-974C-4A41-AF01-4D39CA3B9FFC}.Debug R22|x86.ActiveCfg = Debug R22|Any CPU
		{CAB1E6AA-974C-4A41-AF01-4D39CA3B9FFC}.Debug R22|x86.Build.0 = Debug R22|Any CPU
		{CAB1E6AA-974C-4A41-AF01-4D39CA3B9FFC}.Debug R23|x64.ActiveCfg = Debug R23|Any CPU
		{CAB1E6AA-974C-4A41-AF01-4D39CA3B9FFC}.Debug R23|x64.Build.0 = Debug R23|Any CPU
		{CAB1E6AA-974C-4A41-AF01-4D39CA3B9FFC}.Debug R23|Any CPU.ActiveCfg = Debug R23|Any CPU
		{CAB1E6AA-974C-4A41-AF01-4D39CA3B9FFC}.Debug R23|Any CPU.Build.0 = Debug R23|Any CPU
		{CAB1E6AA-974C-4A41-AF01-4D39CA3B9FFC}.Debug R23|x86.ActiveCfg = Debug R23|Any CPU
		{CAB1E6AA-974C-4A41-AF01-4D39CA3B9FFC}.Debug R23|x86.Build.0 = Debug R23|Any CPU
		{CAB1E6AA-974C-4A41-AF01-4D39CA3B9FFC}.Debug R24|x64.ActiveCfg = Debug R24|Any CPU
		{CAB1E6AA-974C-4A41-AF01-4D39CA3B9FFC}.Debug R24|x64.Build.0 = Debug R24|Any CPU
		{CAB1E6AA-974C-4A41-AF01-4D39CA3B9FFC}.Debug R24|Any CPU.ActiveCfg = Debug R24|Any CPU
		{CAB1E6AA-974C-4A41-AF01-4D39CA3B9FFC}.Debug R24|Any CPU.Build.0 = Debug R24|Any CPU
		{CAB1E6AA-974C-4A41-AF01-4D39CA3B9FFC}.Debug R24|x86.ActiveCfg = Debug R24|Any CPU
		{CAB1E6AA-974C-4A41-AF01-4D39CA3B9FFC}.Debug R24|x86.Build.0 = Debug R24|Any CPU
		{CAB1E6AA-974C-4A41-AF01-4D39CA3B9FFC}.Debug R25|x64.ActiveCfg = Debug R25|Any CPU
		{CAB1E6AA-974C-4A41-AF01-4D39CA3B9FFC}.Debug R25|x64.Build.0 = Debug R25|Any CPU
		{CAB1E6AA-974C-4A41-AF01-4D39CA3B9FFC}.Debug R25|Any CPU.ActiveCfg = Debug R25|Any CPU
		{CAB1E6AA-974C-4A41-AF01-4D39CA3B9FFC}.Debug R25|Any CPU.Build.0 = Debug R25|Any CPU
		{CAB1E6AA-974C-4A41-AF01-4D39CA3B9FFC}.Debug R25|x86.ActiveCfg = Debug R25|Any CPU
		{CAB1E6AA-974C-4A41-AF01-4D39CA3B9FFC}.Debug R25|x86.Build.0 = Debug R25|Any CPU
		{CAB1E6AA-974C-4A41-AF01-4D39CA3B9FFC}.Debug R26|x64.ActiveCfg = Debug R26|Any CPU
		{CAB1E6AA-974C-4A41-AF01-4D39CA3B9FFC}.Debug R26|x64.Build.0 = Debug R26|Any CPU
		{CAB1E6AA-974C-4A41-AF01-4D39CA3B9FFC}.Debug R26|Any CPU.ActiveCfg = Debug R26|Any CPU
		{CAB1E6AA-974C-4A41-AF01-4D39CA3B9FFC}.Debug R26|Any CPU.Build.0 = Debug R26|Any CPU
		{CAB1E6AA-974C-4A41-AF01-4D39CA3B9FFC}.Debug R26|x86.ActiveCfg = Debug R26|Any CPU
		{CAB1E6AA-974C-4A41-AF01-4D39CA3B9FFC}.Debug R26|x86.Build.0 = Debug R26|Any CPU
		{CAB1E6AA-974C-4A41-AF01-4D39CA3B9FFC}.Release R22|x64.ActiveCfg = Release R22|Any CPU
		{CAB1E6AA-974C-4A41-AF01-4D39CA3B9FFC}.Release R22|x64.Build.0 = Release R22|Any CPU
		{CAB1E6AA-974C-4A41-AF01-4D39CA3B9FFC}.Release R22|Any CPU.ActiveCfg = Release R22|Any CPU
		{CAB1E6AA-974C-4A41-AF01-4D39CA3B9FFC}.Release R22|Any CPU.Build.0 = Release R22|Any CPU
		{CAB1E6AA-974C-4A41-AF01-4D39CA3B9FFC}.Release R22|x86.ActiveCfg = Release R22|Any CPU
		{CAB1E6AA-974C-4A41-AF01-4D39CA3B9FFC}.Release R22|x86.Build.0 = Release R22|Any CPU
		{CAB1E6AA-974C-4A41-AF01-4D39CA3B9FFC}.Release R23|x64.ActiveCfg = Release R23|Any CPU
		{CAB1E6AA-974C-4A41-AF01-4D39CA3B9FFC}.Release R23|x64.Build.0 = Release R23|Any CPU
		{CAB1E6AA-974C-4A41-AF01-4D39CA3B9FFC}.Release R23|Any CPU.ActiveCfg = Release R23|Any CPU
		{CAB1E6AA-974C-4A41-AF01-4D39CA3B9FFC}.Release R23|Any CPU.Build.0 = Release R23|Any CPU
		{CAB1E6AA-974C-4A41-AF01-4D39CA3B9FFC}.Release R23|x86.ActiveCfg = Release R23|Any CPU
		{CAB1E6AA-974C-4A41-AF01-4D39CA3B9FFC}.Release R23|x86.Build.0 = Release R23|Any CPU
		{CAB1E6AA-974C-4A41-AF01-4D39CA3B9FFC}.Release R24|x64.ActiveCfg = Release R24|Any CPU
		{CAB1E6AA-974C-4A41-AF01-4D39CA3B9FFC}.Release R24|x64.Build.0 = Release R24|Any CPU
		{CAB1E6AA-974C-4A41-AF01-4D39CA3B9FFC}.Release R24|Any CPU.ActiveCfg = Release R24|Any CPU
		{CAB1E6AA-974C-4A41-AF01-4D39CA3B9FFC}.Release R24|Any CPU.Build.0 = Release R24|Any CPU
		{CAB1E6AA-974C-4A41-AF01-4D39CA3B9FFC}.Release R24|x86.ActiveCfg = Release R24|Any CPU
		{CAB1E6AA-974C-4A41-AF01-4D39CA3B9FFC}.Release R24|x86.Build.0 = Release R24|Any CPU
		{CAB1E6AA-974C-4A41-AF01-4D39CA3B9FFC}.Release R25|x64.ActiveCfg = Release R25|Any CPU
		{CAB1E6AA-974C-4A41-AF01-4D39CA3B9FFC}.Release R25|x64.Build.0 = Release R25|Any CPU
		{CAB1E6AA-974C-4A41-AF01-4D39CA3B9FFC}.Release R25|Any CPU.ActiveCfg = Release R25|Any CPU
		{CAB1E6AA-974C-4A41-AF01-4D39CA3B9FFC}.Release R25|Any CPU.Build.0 = Release R25|Any CPU
		{CAB1E6AA-974C-4A41-AF01-4D39CA3B9FFC}.Release R25|x86.ActiveCfg = Release R25|Any CPU
		{CAB1E6AA-974C-4A41-AF01-4D39CA3B9FFC}.Release R25|x86.Build.0 = Release R25|Any CPU
		{CAB1E6AA-974C-4A41-AF01-4D39CA3B9FFC}.Release R26|x64.ActiveCfg = Release R26|Any CPU
		{CAB1E6AA-974C-4A41-AF01-4D39CA3B9FFC}.Release R26|x64.Build.0 = Release R26|Any CPU
		{CAB1E6AA-974C-4A41-AF01-4D39CA3B9FFC}.Release R26|Any CPU.ActiveCfg = Release R26|Any CPU
		{CAB1E6AA-974C-4A41-AF01-4D39CA3B9FFC}.Release R26|Any CPU.Build.0 = Release R26|Any CPU
		{CAB1E6AA-974C-4A41-AF01-4D39CA3B9FFC}.Release R26|x86.ActiveCfg = Release R26|Any CPU
		{CAB1E6AA-974C-4A41-AF01-4D39CA3B9FFC}.Release R26|x86.Build.0 = Release R26|Any CPU
		{CAB1E6AA-974C-4A41-AF01-4D39CA3B9FFC}.Debug|x64.ActiveCfg = Debug|Any CPU
		{CAB1E6AA-974C-4A41-AF01-4D39CA3B9FFC}.Debug|x64.Build.0 = Debug|Any CPU
		{CAB1E6AA-974C-4A41-AF01-4D39CA3B9FFC}.Debug|Any CPU.ActiveCfg = Debug|Any CPU
		{CAB1E6AA-974C-4A41-AF01-4D39CA3B9FFC}.Debug|Any CPU.Build.0 = Debug|Any CPU
		{CAB1E6AA-974C-4A41-AF01-4D39CA3B9FFC}.Debug|x86.ActiveCfg = Debug|Any CPU
		{CAB1E6AA-974C-4A41-AF01-4D39CA3B9FFC}.Debug|x86.Build.0 = Debug|Any CPU
		{CAB1E6AA-974C-4A41-AF01-4D39CA3B9FFC}.Release|x64.ActiveCfg = Release|Any CPU
		{CAB1E6AA-974C-4A41-AF01-4D39CA3B9FFC}.Release|x64.Build.0 = Release|Any CPU
		{CAB1E6AA-974C-4A41-AF01-4D39CA3B9FFC}.Release|Any CPU.ActiveCfg = Release|Any CPU
		{CAB1E6AA-974C-4A41-AF01-4D39CA3B9FFC}.Release|Any CPU.Build.0 = Release|Any CPU
		{CAB1E6AA-974C-4A41-AF01-4D39CA3B9FFC}.Release|x86.ActiveCfg = Release|Any CPU
		{CAB1E6AA-974C-4A41-AF01-4D39CA3B9FFC}.Release|x86.Build.0 = Release|Any CPU
	EndGlobalSection
	GlobalSection(SolutionProperties) = preSolution
		HideSolutionNode = FALSE
	EndGlobalSection
	GlobalSection(NestedProjects) = preSolution
		{7895EAFA-9A58-42C5-A1D5-2D38B54357FA} = {91D068A4-CC13-4DF2-881B-FF41E8D32A71}
		{6888FA85-42D0-408B-BF96-F8CEE3368133} = {91D068A4-CC13-4DF2-881B-FF41E8D32A71}
		{33C90C02-CA4E-4C48-B60D-D8F0EB44A8EB} = {3AF33D8D-7818-4C55-9901-7074C2CBDB74}
		{7366EE36-0B1D-4E55-A444-7E3C77866DAF} = {44D2DCF6-7C87-403C-90ED-74A56F311540}
		{4774219E-D54B-4740-8CA9-C7B653243F38} = {44D2DCF6-7C87-403C-90ED-74A56F311540}
		{CAB1E6AA-974C-4A41-AF01-4D39CA3B9FFC} = {3AF33D8D-7818-4C55-9901-7074C2CBDB74}
	EndGlobalSection
EndGlobal
