<Solution>
    <Configurations>
        <BuildType Name="Debug.Autodesk.2022" />
        <BuildType Name="Debug.Autodesk.2023" />
        <BuildType Name="Debug.Autodesk.2024" />
        <BuildType Name="Debug.Autodesk.2025" />
        <BuildType Name="Debug.Autodesk.2026" />
        <BuildType Name="Debug.Autodesk.2027" />
        <BuildType Name="Release.Autodesk.2022" />
        <BuildType Name="Release.Autodesk.2023" />
        <BuildType Name="Release.Autodesk.2024" />
        <BuildType Name="Release.Autodesk.2025" />
        <BuildType Name="Release.Autodesk.2026" />
        <BuildType Name="Release.Autodesk.2027" />
    </Configurations>
    <Project Path="CSharpDemo/CSharpDemo.csproj">
        <Build Project="false" />
    </Project>
    <Project Path="../source/DevTools.TestAdapter/DevTools.TestAdapter.csproj" />
    <Project Path="AcadCSharpDemo/AcadCSharpDemo.csproj">
        <Build Project="false" />
    </Project>
    <Project Path="FSharpDemo/FSharpDemo.fsproj">
        <Build Project="false" />
    </Project>
    <Project Path="McpToolsetDemo/McpToolsetDemo.csproj">
        <Build Project="false" />
    </Project>
    <Project Path="RevitMcpToolSet/RevitMcpToolSet.csproj">
        <Build Project="false" />
    </Project>
    <Project Path="DevTools.NUnit.SampleTests/DevTools.NUnit.SampleTests.csproj" />
    <Project Path="DevTools.NUnit.Civil3D.SampleTests/DevTools.NUnit.Civil3D.SampleTests.csproj" />
    <Project Path="ricaun.NUnit.SampleTests/ricaun.NUnit.SampleTests.csproj" Id="e7330fee-0002-4c1f-ae22-ef158fc9fc16" />
</Solution>
